
Microsoft Visual Studio Solution File, Format Version 12.00
# Visual Studio Version 17
VisualStudioVersion = 17.2.32630.192
MinimumVisualStudioVersion = 10.0.40219.1
Project("{9A19103F-16F7-4668-BE54-9A1E7A4F7556}") = "R5T.L0068", "R5T.L0068\R5T.L0068.csproj", "{B26AC5B9-5306-46C8-8FD9-D01F9679E43C}"
EndProject
Project("{2150E333-8FDC-42A3-9474-1A3956D46DE8}") = "_Dependencies", "_Dependencies", "{00821F38-657E-4331-9900-EBBADB638280}"
EndProject
Project("{9A19103F-16F7-4668-BE54-9A1E7A4F7556}") = "R5T.F0000", "..\..\R5T.F0000\source\R5T.F0000\R5T.F0000.csproj", "{003F82A6-A919-41E0-86BF-69B9985DC1EF}"
EndProject
Project("{9A19103F-16F7-4668-BE54-9A1E7A4F7556}") = "R5T.F0002", "..\..\R5T.F0002\source\R5T.F0002\R5T.F0002.csproj", "{2BD1EBC4-36E8-4366-8D8B-75C9EF3A060F}"
EndProject
Project("{9A19103F-16F7-4668-BE54-9A1E7A4F7556}") = "R5T.F0016.F001", "..\..\R5T.F0016\source\R5T.F0016.F001\R5T.F0016.F001.csproj", "{EDD04EA9-11BC-48FF-AA74-5E1C9D214CE2}"
EndProject
Project("{9A19103F-16F7-4668-BE54-9A1E7A4F7556}") = "R5T.F0016", "..\..\R5T.F0016\source\R5T.F0016\R5T.F0016.csproj", "{C7F9D193-241D-40A4-ADEE-C370890A33BD}"
EndProject
Project("{9A19103F-16F7-4668-BE54-9A1E7A4F7556}") = "R5T.F0020", "..\..\R5T.F0020\source\R5T.F0020\R5T.F0020.csproj", "{B22DBE31-62C9-455D-BFAF-12487E82958B}"
EndProject
Project("{9A19103F-16F7-4668-BE54-9A1E7A4F7556}") = "R5T.F0026", "..\..\R5T.F0026\source\R5T.F0026\R5T.F0026.csproj", "{A3C6A3B9-5944-49BA-8454-8F639CE37F0A}"
EndProject
Project("{9A19103F-16F7-4668-BE54-9A1E7A4F7556}") = "R5T.F0027", "..\..\R5T.F0027\source\R5T.F0027\R5T.F0027.csproj", "{D6DE5E15-CA61-4B2B-8F02-7C252C210709}"
EndProject
Project("{9A19103F-16F7-4668-BE54-9A1E7A4F7556}") = "R5T.F0032", "..\..\R5T.F0032\source\R5T.F0032\R5T.F0032.csproj", "{9A9A8A0E-BD01-45C9-904C-31C7C5DBCC1B}"
EndProject
Project("{9A19103F-16F7-4668-BE54-9A1E7A4F7556}") = "R5T.F0040.F000", "..\..\R5T.F0040\source\R5T.F0040.F000\R5T.F0040.F000.csproj", "{430276C3-D062-4C1D-897E-D769D6FCD5ED}"
EndProject
Project("{9A19103F-16F7-4668-BE54-9A1E7A4F7556}") = "R5T.F0040", "..\..\R5T.F0040\source\R5T.F0040\R5T.F0040.csproj", "{7125E9B5-9DF9-4A2F-813B-FE2BBD901C8F}"
EndProject
Project("{9A19103F-16F7-4668-BE54-9A1E7A4F7556}") = "R5T.F0052", "..\..\R5T.F0052\source\R5T.F0052\R5T.F0052.csproj", "{1256D2E7-534C-4B5D-867C-112A80E1F398}"
EndProject
Project("{9A19103F-16F7-4668-BE54-9A1E7A4F7556}") = "R5T.F0053", "..\..\R5T.F0053\source\R5T.F0053\R5T.F0053.csproj", "{4E2B2E3E-0262-47B1-AB81-D8CC7873326F}"
EndProject
Project("{9A19103F-16F7-4668-BE54-9A1E7A4F7556}") = "R5T.F0054", "..\..\R5T.F0054\source\R5T.F0054\R5T.F0054.csproj", "{8FF18D6B-BA4F-42CD-B545-F7E763C8CC4F}"
EndProject
Project("{9A19103F-16F7-4668-BE54-9A1E7A4F7556}") = "R5T.F0059", "..\..\R5T.F0059\source\R5T.F0059\R5T.F0059.csproj", "{0EB0A986-8410-4D3E-B3D8-D7DA7FB2783B}"
EndProject
Project("{9A19103F-16F7-4668-BE54-9A1E7A4F7556}") = "R5T.F0076", "..\..\R5T.F0076\source\R5T.F0076\R5T.F0076.csproj", "{7A1C68A0-3A8A-4133-AD4B-655F5EAB959B}"
EndProject
Project("{9A19103F-16F7-4668-BE54-9A1E7A4F7556}") = "R5T.F0077", "..\..\R5T.F0077\source\R5T.F0077\R5T.F0077.csproj", "{E7E9E260-38B9-4001-B788-995BD9B6EDE5}"
EndProject
Project("{9A19103F-16F7-4668-BE54-9A1E7A4F7556}") = "R5T.F0112", "..\..\R5T.F0112\source\R5T.F0112\R5T.F0112.csproj", "{C189A28E-9AAA-40D5-AECC-99965D46A8B4}"
EndProject
Project("{9A19103F-16F7-4668-BE54-9A1E7A4F7556}") = "R5T.F0115", "..\..\R5T.F0115\source\R5T.F0115\R5T.F0115.csproj", "{1B722B0D-FCED-4FEB-B202-4B654F635388}"
EndProject
Project("{9A19103F-16F7-4668-BE54-9A1E7A4F7556}") = "R5T.F0120", "..\..\R5T.F0120\source\R5T.F0120\R5T.F0120.csproj", "{59DBFE04-A36A-4B60-988B-959A1C2595FF}"
EndProject
Project("{9A19103F-16F7-4668-BE54-9A1E7A4F7556}") = "R5T.F0124", "..\..\R5T.F0124\source\R5T.F0124\R5T.F0124.csproj", "{6129F071-3541-4518-BB93-0C979AF76CEB}"
EndProject
Project("{9A19103F-16F7-4668-BE54-9A1E7A4F7556}") = "R5T.F0125", "..\..\R5T.F0125\source\R5T.F0125\R5T.F0125.csproj", "{3DAA7608-DC33-4151-A156-2D5C451F7683}"
EndProject
Project("{9A19103F-16F7-4668-BE54-9A1E7A4F7556}") = "R5T.F0139", "..\..\R5T.F0139\source\R5T.F0139\R5T.F0139.csproj", "{BA9FC2FD-729D-44D2-8915-429BCE5483CB}"
EndProject
Project("{9A19103F-16F7-4668-BE54-9A1E7A4F7556}") = "R5T.L0030.T000", "..\..\R5T.L0030\source\R5T.L0030.T000\R5T.L0030.T000.csproj", "{C2BBB438-24E5-4C1E-9F43-27E8230ED34D}"
EndProject
Project("{9A19103F-16F7-4668-BE54-9A1E7A4F7556}") = "R5T.L0030", "..\..\R5T.L0030\source\R5T.L0030\R5T.L0030.csproj", "{40114B84-6B33-4E96-BA9C-C318D8416FEB}"
EndProject
Project("{9A19103F-16F7-4668-BE54-9A1E7A4F7556}") = "R5T.L0032.T000", "..\..\R5T.L0032\source\R5T.L0032.T000\R5T.L0032.T000.csproj", "{8801B440-C618-4A75-A4F4-6F1889BAB1A6}"
EndProject
Project("{9A19103F-16F7-4668-BE54-9A1E7A4F7556}") = "R5T.L0032.Z000", "..\..\R5T.L0032\source\R5T.L0032.Z000\R5T.L0032.Z000.csproj", "{FAA89521-1D80-4039-B6BB-C64F5482FE26}"
EndProject
Project("{9A19103F-16F7-4668-BE54-9A1E7A4F7556}") = "R5T.L0034", "..\..\R5T.L0034\source\R5T.L0034\R5T.L0034.csproj", "{5108495D-B39B-4F24-9717-04F634FD859E}"
EndProject
Project("{9A19103F-16F7-4668-BE54-9A1E7A4F7556}") = "R5T.L0035", "..\..\R5T.L0035\source\R5T.L0035\R5T.L0035.csproj", "{BED7AB33-C4F6-4437-806C-6A0C88363F21}"
EndProject
Project("{9A19103F-16F7-4668-BE54-9A1E7A4F7556}") = "R5T.L0053", "..\..\R5T.L0053\source\R5T.L0053\R5T.L0053.csproj", "{9E84B5D9-A002-440F-8D26-833602B1A73F}"
EndProject
Project("{9A19103F-16F7-4668-BE54-9A1E7A4F7556}") = "R5T.L0056", "..\..\R5T.L0056\source\R5T.L0056\R5T.L0056.csproj", "{4914DF49-61F5-43B2-B7F0-134240B132BE}"
EndProject
Project("{9A19103F-16F7-4668-BE54-9A1E7A4F7556}") = "R5T.L0057", "..\..\R5T.L0057\source\R5T.L0057\R5T.L0057.csproj", "{AC62FEE0-0718-4A73-8B7A-D796192C424E}"
EndProject
Project("{9A19103F-16F7-4668-BE54-9A1E7A4F7556}") = "R5T.L0061", "..\..\R5T.L0061\source\R5T.L0061\R5T.L0061.csproj", "{56189AC7-930B-4932-B1DE-4B8C4C37DEB8}"
EndProject
Project("{9A19103F-16F7-4668-BE54-9A1E7A4F7556}") = "R5T.L0066", "..\..\R5T.L0066\source\R5T.L0066\R5T.L0066.csproj", "{C8B05D8F-2F9E-437D-8E59-B7CC34FED6D3}"
EndProject
Project("{9A19103F-16F7-4668-BE54-9A1E7A4F7556}") = "R5T.L0067", "..\..\R5T.L0067\source\R5T.L0067\R5T.L0067.csproj", "{6ABD33F9-929C-4A36-AD62-791B411ED78E}"
EndProject
Project("{9A19103F-16F7-4668-BE54-9A1E7A4F7556}") = "R5T.NG0006", "..\..\R5T.NG0006\source\R5T.NG0006\R5T.NG0006.csproj", "{AAAEB141-465E-4DF9-A445-D4023CA77D18}"
EndProject
Project("{9A19103F-16F7-4668-BE54-9A1E7A4F7556}") = "R5T.NG0008", "..\..\R5T.NG0008\source\R5T.NG0008\R5T.NG0008.csproj", "{97A80B92-3CE4-4A72-9C6F-8BEBB087B546}"
EndProject
Project("{9A19103F-16F7-4668-BE54-9A1E7A4F7556}") = "R5T.NG0010", "..\..\R5T.NG0010\source\R5T.NG0010\R5T.NG0010.csproj", "{A7FDC9AB-E1D4-4FA1-A9A9-A919A9494F8D}"
EndProject
Project("{9A19103F-16F7-4668-BE54-9A1E7A4F7556}") = "R5T.NG0022", "..\..\R5T.NG0022\source\R5T.NG0022\R5T.NG0022.csproj", "{7540E52F-C4E5-476C-990A-39145D38FF5A}"
EndProject
Project("{9A19103F-16F7-4668-BE54-9A1E7A4F7556}") = "R5T.T0131", "..\..\R5T.T0131\source\R5T.T0131\R5T.T0131.csproj", "{433CEC5F-5CCE-4359-9040-E825CB22744F}"
EndProject
Project("{9A19103F-16F7-4668-BE54-9A1E7A4F7556}") = "R5T.T0132", "..\..\R5T.T0132\source\R5T.T0132\R5T.T0132.csproj", "{BA5F1C40-4C2D-4455-A95A-D1C8C4AC2E9D}"
EndProject
Project("{9A19103F-16F7-4668-BE54-9A1E7A4F7556}") = "R5T.T0142", "..\..\R5T.T0142\source\R5T.T0142\R5T.T0142.csproj", "{8685D28B-A88D-4C44-BF4A-39A5DC3ED884}"
EndProject
Project("{9A19103F-16F7-4668-BE54-9A1E7A4F7556}") = "R5T.T0143", "..\..\R5T.T0143\source\R5T.T0143\R5T.T0143.csproj", "{2A508D69-04F9-4888-B00A-2AD6B751EFE8}"
EndProject
Project("{9A19103F-16F7-4668-BE54-9A1E7A4F7556}") = "R5T.T0150", "..\..\R5T.T0150\source\R5T.T0150\R5T.T0150.csproj", "{199948DA-B223-4E54-BF7B-468CFB31875B}"
EndProject
Project("{9A19103F-16F7-4668-BE54-9A1E7A4F7556}") = "R5T.T0151", "..\..\R5T.T0151\source\R5T.T0151\R5T.T0151.csproj", "{FF90BF6F-6EA0-4677-BBA0-60E87862036B}"
EndProject
Project("{9A19103F-16F7-4668-BE54-9A1E7A4F7556}") = "R5T.T0152", "..\..\R5T.T0152\source\R5T.T0152\R5T.T0152.csproj", "{9867B222-9185-4CD9-B889-060F12C12432}"
EndProject
Project("{9A19103F-16F7-4668-BE54-9A1E7A4F7556}") = "R5T.T0156", "..\..\R5T.T0156\source\R5T.T0156\R5T.T0156.csproj", "{EC572C93-2759-4AB5-A0B7-7797DFF27811}"
EndProject
Project("{9A19103F-16F7-4668-BE54-9A1E7A4F7556}") = "R5T.T0158", "..\..\R5T.T0158\source\R5T.T0158\R5T.T0158.csproj", "{F5EB3944-C50D-4835-B020-D19EBB1EB5EF}"
EndProject
Project("{9A19103F-16F7-4668-BE54-9A1E7A4F7556}") = "R5T.T0159", "..\..\R5T.T0159\source\R5T.T0159\R5T.T0159.csproj", "{790D577C-DEA0-424A-A505-26F46051FF4F}"
EndProject
Project("{9A19103F-16F7-4668-BE54-9A1E7A4F7556}") = "R5T.T0172", "..\..\R5T.T0172\source\R5T.T0172\R5T.T0172.csproj", "{19A7CE1D-F1F3-44B9-B3F9-A8C850C4C06C}"
EndProject
Project("{9A19103F-16F7-4668-BE54-9A1E7A4F7556}") = "R5T.T0174", "..\..\R5T.T0174\source\R5T.T0174\R5T.T0174.csproj", "{F8483740-4902-47CF-8FB9-7946CF0E5267}"
EndProject
Project("{9A19103F-16F7-4668-BE54-9A1E7A4F7556}") = "R5T.T0176", "..\..\R5T.T0176\source\R5T.T0176\R5T.T0176.csproj", "{6167C4F6-45C2-489B-8A78-FBEA1A6A67B9}"
EndProject
Project("{9A19103F-16F7-4668-BE54-9A1E7A4F7556}") = "R5T.T0177", "..\..\R5T.T0177\source\R5T.T0177\R5T.T0177.csproj", "{C1C1219A-E8B7-44C0-B6B1-851814D6A4EB}"
EndProject
Project("{9A19103F-16F7-4668-BE54-9A1E7A4F7556}") = "R5T.T0178", "..\..\R5T.T0178\source\R5T.T0178\R5T.T0178.csproj", "{9E6ECEB8-6CD7-470D-A11E-18DB719CD96A}"
EndProject
Project("{9A19103F-16F7-4668-BE54-9A1E7A4F7556}") = "R5T.T0179", "..\..\R5T.T0179\source\R5T.T0179\R5T.T0179.csproj", "{CA46A42A-F0E9-4E0D-BFEF-821ECC63DC31}"
EndProject
Project("{9A19103F-16F7-4668-BE54-9A1E7A4F7556}") = "R5T.T0180", "..\..\R5T.T0180\source\R5T.T0180\R5T.T0180.csproj", "{FD1C5AD3-0E59-49FA-860B-DFC501574069}"
EndProject
Project("{9A19103F-16F7-4668-BE54-9A1E7A4F7556}") = "R5T.T0181", "..\..\R5T.T0181\source\R5T.T0181\R5T.T0181.csproj", "{BABE9077-2B23-44CC-ADF0-D7BB607FA866}"
EndProject
Project("{9A19103F-16F7-4668-BE54-9A1E7A4F7556}") = "R5T.T0185", "..\..\R5T.T0185\source\R5T.T0185\R5T.T0185.csproj", "{F3EB35F4-B04A-4B0E-86FA-0490AE2B1303}"
EndProject
Project("{9A19103F-16F7-4668-BE54-9A1E7A4F7556}") = "R5T.T0198", "..\..\R5T.T0198\source\R5T.T0198\R5T.T0198.csproj", "{8985F2E2-F9E0-4945-916B-084D068B9399}"
EndProject
Project("{9A19103F-16F7-4668-BE54-9A1E7A4F7556}") = "R5T.T0199", "..\..\R5T.T0199\source\R5T.T0199\R5T.T0199.csproj", "{7DA2EE77-616A-4711-8BC1-E35BE03B5BF0}"
EndProject
Project("{9A19103F-16F7-4668-BE54-9A1E7A4F7556}") = "R5T.T0203", "..\..\R5T.T0203\source\R5T.T0203\R5T.T0203.csproj", "{40393729-7D0B-4E3A-BB71-D8FE4562052C}"
EndProject
Project("{9A19103F-16F7-4668-BE54-9A1E7A4F7556}") = "R5T.T0213", "..\..\R5T.T0213\source\R5T.T0213\R5T.T0213.csproj", "{6B96E362-2BE4-4B45-8F66-760A13AD7238}"
EndProject
Project("{9A19103F-16F7-4668-BE54-9A1E7A4F7556}") = "R5T.T0215.Z000", "..\..\R5T.T0215\source\R5T.T0215.Z000\R5T.T0215.Z000.csproj", "{7EFEA86D-F62E-4249-944A-332505C9223D}"
EndProject
Project("{9A19103F-16F7-4668-BE54-9A1E7A4F7556}") = "R5T.T0215", "..\..\R5T.T0215\source\R5T.T0215\R5T.T0215.csproj", "{75F2C9B7-3C7D-4D2F-9CDC-8E63FC872591}"
EndProject
Project("{9A19103F-16F7-4668-BE54-9A1E7A4F7556}") = "R5T.T0216.F001", "..\..\R5T.T0216\source\R5T.T0216.F001\R5T.T0216.F001.csproj", "{315BC694-A5F6-4BA9-B824-530DCD7F663B}"
EndProject
Project("{9A19103F-16F7-4668-BE54-9A1E7A4F7556}") = "R5T.T0216", "..\..\R5T.T0216\source\R5T.T0216\R5T.T0216.csproj", "{AEABE8A5-1502-40C4-8544-39A592A7232C}"
EndProject
Project("{9A19103F-16F7-4668-BE54-9A1E7A4F7556}") = "R5T.T0218", "..\..\R5T.T0218\source\R5T.T0218\R5T.T0218.csproj", "{169F090F-F1F8-4BDC-9E89-0FC6FDA9E784}"
EndProject
Project("{9A19103F-16F7-4668-BE54-9A1E7A4F7556}") = "R5T.T0219", "..\..\R5T.T0219\source\R5T.T0219\R5T.T0219.csproj", "{83CEDB2E-FCC5-47D5-9328-DC57218A8B65}"
EndProject
Project("{9A19103F-16F7-4668-BE54-9A1E7A4F7556}") = "R5T.T0220", "..\..\R5T.T0220\source\R5T.T0220\R5T.T0220.csproj", "{F939B789-ECAE-4D53-8195-DC94F5330B39}"
EndProject
Project("{9A19103F-16F7-4668-BE54-9A1E7A4F7556}") = "R5T.T0221", "..\..\R5T.T0221\source\R5T.T0221\R5T.T0221.csproj", "{EFB1BF3B-8DC7-42EC-800B-C4821566FE5B}"
EndProject
Project("{9A19103F-16F7-4668-BE54-9A1E7A4F7556}") = "R5T.T0224", "..\..\R5T.T0224\source\R5T.T0224\R5T.T0224.csproj", "{14A5CA3D-CF6F-4422-B676-9CBF735AA2D4}"
EndProject
Project("{9A19103F-16F7-4668-BE54-9A1E7A4F7556}") = "R5T.T0227", "..\..\R5T.T0227\source\R5T.T0227\R5T.T0227.csproj", "{D701F3A5-12D4-4D35-950D-729C05D4E9FA}"
EndProject
Project("{9A19103F-16F7-4668-BE54-9A1E7A4F7556}") = "R5T.Y0000", "..\..\R5T.Y0000\source\R5T.Y0000\R5T.Y0000.csproj", "{D7A083A8-6E50-4F75-A925-715481331C20}"
EndProject
Project("{9A19103F-16F7-4668-BE54-9A1E7A4F7556}") = "R5T.Z0000", "..\..\R5T.Z0000\source\R5T.Z0000\R5T.Z0000.csproj", "{44AC4BE3-3E4F-4658-99C5-9E9248C964CE}"
EndProject
Project("{9A19103F-16F7-4668-BE54-9A1E7A4F7556}") = "R5T.Z0010.Platform", "..\..\R5T.Z0010\source\R5T.Z0010.Platform\R5T.Z0010.Platform.csproj", "{4E01B9BC-7E18-435B-8FB5-F6536FD7B999}"
EndProject
Project("{9A19103F-16F7-4668-BE54-9A1E7A4F7556}") = "R5T.Z0010", "..\..\R5T.Z0010\source\R5T.Z0010\R5T.Z0010.csproj", "{953701B7-7BD6-45AF-902E-96626F38AC90}"
EndProject
Project("{9A19103F-16F7-4668-BE54-9A1E7A4F7556}") = "R5T.Z0011", "..\..\R5T.Z0011\source\R5T.Z0011\R5T.Z0011.csproj", "{03FB0433-C7DC-4BB8-826B-D2F71EE35A4D}"
EndProject
Project("{9A19103F-16F7-4668-BE54-9A1E7A4F7556}") = "R5T.Z0012", "..\..\R5T.Z0012\source\R5T.Z0012\R5T.Z0012.csproj", "{D04ACAA4-A36A-4D49-8A57-F3BFA61DC168}"
EndProject
Project("{9A19103F-16F7-4668-BE54-9A1E7A4F7556}") = "R5T.Z0044.Z000", "..\..\R5T.Z0044\source\R5T.Z0044.Z000\R5T.Z0044.Z000.csproj", "{0C19D1C1-B358-470C-A629-DF22D22C96C4}"
EndProject
Project("{9A19103F-16F7-4668-BE54-9A1E7A4F7556}") = "R5T.Z0057.Platform", "..\..\R5T.Z0057\source\R5T.Z0057.Platform\R5T.Z0057.Platform.csproj", "{07A97E5C-4879-43E7-A4C3-281C898E8629}"
EndProject
Project("{9A19103F-16F7-4668-BE54-9A1E7A4F7556}") = "R5T.Z0057", "..\..\R5T.Z0057\source\R5T.Z0057\R5T.Z0057.csproj", "{01732FE1-FB6C-476D-81DC-E3B601AB9704}"
EndProject
Project("{9A19103F-16F7-4668-BE54-9A1E7A4F7556}") = "R5T.Z0058", "..\..\R5T.Z0058\source\R5T.Z0058\R5T.Z0058.csproj", "{51D4EDF0-213C-4F7E-B72D-BBC067556F96}"
EndProject
Global
	GlobalSection(NestedProjects) = preSolution
		{003F82A6-A919-41E0-86BF-69B9985DC1EF} = {00821F38-657E-4331-9900-EBBADB638280}
		{2BD1EBC4-36E8-4366-8D8B-75C9EF3A060F} = {00821F38-657E-4331-9900-EBBADB638280}
		{EDD04EA9-11BC-48FF-AA74-5E1C9D214CE2} = {00821F38-657E-4331-9900-EBBADB638280}
		{C7F9D193-241D-40A4-ADEE-C370890A33BD} = {00821F38-657E-4331-9900-EBBADB638280}
		{B22DBE31-62C9-455D-BFAF-12487E82958B} = {00821F38-657E-4331-9900-EBBADB638280}
		{A3C6A3B9-5944-49BA-8454-8F639CE37F0A} = {00821F38-657E-4331-9900-EBBADB638280}
		{D6DE5E15-CA61-4B2B-8F02-7C252C210709} = {00821F38-657E-4331-9900-EBBADB638280}
		{9A9A8A0E-BD01-45C9-904C-31C7C5DBCC1B} = {00821F38-657E-4331-9900-EBBADB638280}
		{430276C3-D062-4C1D-897E-D769D6FCD5ED} = {00821F38-657E-4331-9900-EBBADB638280}
		{7125E9B5-9DF9-4A2F-813B-FE2BBD901C8F} = {00821F38-657E-4331-9900-EBBADB638280}
		{1256D2E7-534C-4B5D-867C-112A80E1F398} = {00821F38-657E-4331-9900-EBBADB638280}
		{4E2B2E3E-0262-47B1-AB81-D8CC7873326F} = {00821F38-657E-4331-9900-EBBADB638280}
		{8FF18D6B-BA4F-42CD-B545-F7E763C8CC4F} = {00821F38-657E-4331-9900-EBBADB638280}
		{0EB0A986-8410-4D3E-B3D8-D7DA7FB2783B} = {00821F38-657E-4331-9900-EBBADB638280}
		{7A1C68A0-3A8A-4133-AD4B-655F5EAB959B} = {00821F38-657E-4331-9900-EBBADB638280}
		{E7E9E260-38B9-4001-B788-995BD9B6EDE5} = {00821F38-657E-4331-9900-EBBADB638280}
		{C189A28E-9AAA-40D5-AECC-99965D46A8B4} = {00821F38-657E-4331-9900-EBBADB638280}
		{1B722B0D-FCED-4FEB-B202-4B654F635388} = {00821F38-657E-4331-9900-EBBADB638280}
		{59DBFE04-A36A-4B60-988B-959A1C2595FF} = {00821F38-657E-4331-9900-EBBADB638280}
		{6129F071-3541-4518-BB93-0C979AF76CEB} = {00821F38-657E-4331-9900-EBBADB638280}
		{3DAA7608-DC33-4151-A156-2D5C451F7683} = {00821F38-657E-4331-9900-EBBADB638280}
		{BA9FC2FD-729D-44D2-8915-429BCE5483CB} = {00821F38-657E-4331-9900-EBBADB638280}
		{C2BBB438-24E5-4C1E-9F43-27E8230ED34D} = {00821F38-657E-4331-9900-EBBADB638280}
		{40114B84-6B33-4E96-BA9C-C318D8416FEB} = {00821F38-657E-4331-9900-EBBADB638280}
		{8801B440-C618-4A75-A4F4-6F1889BAB1A6} = {00821F38-657E-4331-9900-EBBADB638280}
		{FAA89521-1D80-4039-B6BB-C64F5482FE26} = {00821F38-657E-4331-9900-EBBADB638280}
		{5108495D-B39B-4F24-9717-04F634FD859E} = {00821F38-657E-4331-9900-EBBADB638280}
		{BED7AB33-C4F6-4437-806C-6A0C88363F21} = {00821F38-657E-4331-9900-EBBADB638280}
		{9E84B5D9-A002-440F-8D26-833602B1A73F} = {00821F38-657E-4331-9900-EBBADB638280}
		{4914DF49-61F5-43B2-B7F0-134240B132BE} = {00821F38-657E-4331-9900-EBBADB638280}
		{AC62FEE0-0718-4A73-8B7A-D796192C424E} = {00821F38-657E-4331-9900-EBBADB638280}
		{56189AC7-930B-4932-B1DE-4B8C4C37DEB8} = {00821F38-657E-4331-9900-EBBADB638280}
		{C8B05D8F-2F9E-437D-8E59-B7CC34FED6D3} = {00821F38-657E-4331-9900-EBBADB638280}
		{6ABD33F9-929C-4A36-AD62-791B411ED78E} = {00821F38-657E-4331-9900-EBBADB638280}
		{AAAEB141-465E-4DF9-A445-D4023CA77D18} = {00821F38-657E-4331-9900-EBBADB638280}
		{97A80B92-3CE4-4A72-9C6F-8BEBB087B546} = {00821F38-657E-4331-9900-EBBADB638280}
		{A7FDC9AB-E1D4-4FA1-A9A9-A919A9494F8D} = {00821F38-657E-4331-9900-EBBADB638280}
		{7540E52F-C4E5-476C-990A-39145D38FF5A} = {00821F38-657E-4331-9900-EBBADB638280}
		{433CEC5F-5CCE-4359-9040-E825CB22744F} = {00821F38-657E-4331-9900-EBBADB638280}
		{BA5F1C40-4C2D-4455-A95A-D1C8C4AC2E9D} = {00821F38-657E-4331-9900-EBBADB638280}
		{8685D28B-A88D-4C44-BF4A-39A5DC3ED884} = {00821F38-657E-4331-9900-EBBADB638280}
		{2A508D69-04F9-4888-B00A-2AD6B751EFE8} = {00821F38-657E-4331-9900-EBBADB638280}
		{199948DA-B223-4E54-BF7B-468CFB31875B} = {00821F38-657E-4331-9900-EBBADB638280}
		{FF90BF6F-6EA0-4677-BBA0-60E87862036B} = {00821F38-657E-4331-9900-EBBADB638280}
		{9867B222-9185-4CD9-B889-060F12C12432} = {00821F38-657E-4331-9900-EBBADB638280}
		{EC572C93-2759-4AB5-A0B7-7797DFF27811} = {00821F38-657E-4331-9900-EBBADB638280}
		{F5EB3944-C50D-4835-B020-D19EBB1EB5EF} = {00821F38-657E-4331-9900-EBBADB638280}
		{790D577C-DEA0-424A-A505-26F46051FF4F} = {00821F38-657E-4331-9900-EBBADB638280}
		{19A7CE1D-F1F3-44B9-B3F9-A8C850C4C06C} = {00821F38-657E-4331-9900-EBBADB638280}
		{F8483740-4902-47CF-8FB9-7946CF0E5267} = {00821F38-657E-4331-9900-EBBADB638280}
		{6167C4F6-45C2-489B-8A78-FBEA1A6A67B9} = {00821F38-657E-4331-9900-EBBADB638280}
		{C1C1219A-E8B7-44C0-B6B1-851814D6A4EB} = {00821F38-657E-4331-9900-EBBADB638280}
		{9E6ECEB8-6CD7-470D-A11E-18DB719CD96A} = {00821F38-657E-4331-9900-EBBADB638280}
		{CA46A42A-F0E9-4E0D-BFEF-821ECC63DC31} = {00821F38-657E-4331-9900-EBBADB638280}
		{FD1C5AD3-0E59-49FA-860B-DFC501574069} = {00821F38-657E-4331-9900-EBBADB638280}
		{BABE9077-2B23-44CC-ADF0-D7BB607FA866} = {00821F38-657E-4331-9900-EBBADB638280}
		{F3EB35F4-B04A-4B0E-86FA-0490AE2B1303} = {00821F38-657E-4331-9900-EBBADB638280}
		{8985F2E2-F9E0-4945-916B-084D068B9399} = {00821F38-657E-4331-9900-EBBADB638280}
		{7DA2EE77-616A-4711-8BC1-E35BE03B5BF0} = {00821F38-657E-4331-9900-EBBADB638280}
		{40393729-7D0B-4E3A-BB71-D8FE4562052C} = {00821F38-657E-4331-9900-EBBADB638280}
		{6B96E362-2BE4-4B45-8F66-760A13AD7238} = {00821F38-657E-4331-9900-EBBADB638280}
		{7EFEA86D-F62E-4249-944A-332505C9223D} = {00821F38-657E-4331-9900-EBBADB638280}
		{75F2C9B7-3C7D-4D2F-9CDC-8E63FC872591} = {00821F38-657E-4331-9900-EBBADB638280}
		{315BC694-A5F6-4BA9-B824-530DCD7F663B} = {00821F38-657E-4331-9900-EBBADB638280}
		{AEABE8A5-1502-40C4-8544-39A592A7232C} = {00821F38-657E-4331-9900-EBBADB638280}
		{169F090F-F1F8-4BDC-9E89-0FC6FDA9E784} = {00821F38-657E-4331-9900-EBBADB638280}
		{83CEDB2E-FCC5-47D5-9328-DC57218A8B65} = {00821F38-657E-4331-9900-EBBADB638280}
		{F939B789-ECAE-4D53-8195-DC94F5330B39} = {00821F38-657E-4331-9900-EBBADB638280}
		{EFB1BF3B-8DC7-42EC-800B-C4821566FE5B} = {00821F38-657E-4331-9900-EBBADB638280}
		{14A5CA3D-CF6F-4422-B676-9CBF735AA2D4} = {00821F38-657E-4331-9900-EBBADB638280}
		{D701F3A5-12D4-4D35-950D-729C05D4E9FA} = {00821F38-657E-4331-9900-EBBADB638280}
		{D7A083A8-6E50-4F75-A925-715481331C20} = {00821F38-657E-4331-9900-EBBADB638280}
		{44AC4BE3-3E4F-4658-99C5-9E9248C964CE} = {00821F38-657E-4331-9900-EBBADB638280}
		{4E01B9BC-7E18-435B-8FB5-F6536FD7B999} = {00821F38-657E-4331-9900-EBBADB638280}
		{953701B7-7BD6-45AF-902E-96626F38AC90} = {00821F38-657E-4331-9900-EBBADB638280}
		{03FB0433-C7DC-4BB8-826B-D2F71EE35A4D} = {00821F38-657E-4331-9900-EBBADB638280}
		{D04ACAA4-A36A-4D49-8A57-F3BFA61DC168} = {00821F38-657E-4331-9900-EBBADB638280}
		{0C19D1C1-B358-470C-A629-DF22D22C96C4} = {00821F38-657E-4331-9900-EBBADB638280}
		{07A97E5C-4879-43E7-A4C3-281C898E8629} = {00821F38-657E-4331-9900-EBBADB638280}
		{01732FE1-FB6C-476D-81DC-E3B601AB9704} = {00821F38-657E-4331-9900-EBBADB638280}
		{51D4EDF0-213C-4F7E-B72D-BBC067556F96} = {00821F38-657E-4331-9900-EBBADB638280}
	EndGlobalSection
	GlobalSection(SolutionConfigurationPlatforms) = preSolution
		Debug|Any CPU = Debug|Any CPU
		Release|Any CPU = Release|Any CPU
	EndGlobalSection
	GlobalSection(ProjectConfigurationPlatforms) = postSolution
		{B26AC5B9-5306-46C8-8FD9-D01F9679E43C}.Debug|Any CPU.ActiveCfg = Debug|Any CPU
		{B26AC5B9-5306-46C8-8FD9-D01F9679E43C}.Debug|Any CPU.Build.0 = Debug|Any CPU
		{B26AC5B9-5306-46C8-8FD9-D01F9679E43C}.Release|Any CPU.ActiveCfg = Release|Any CPU
		{B26AC5B9-5306-46C8-8FD9-D01F9679E43C}.Release|Any CPU.Build.0 = Release|Any CPU
		{003F82A6-A919-41E0-86BF-69B9985DC1EF}.Debug|Any CPU.ActiveCfg = Debug|Any CPU
		{003F82A6-A919-41E0-86BF-69B9985DC1EF}.Debug|Any CPU.Build.0 = Debug|Any CPU
		{003F82A6-A919-41E0-86BF-69B9985DC1EF}.Release|Any CPU.ActiveCfg = Release|Any CPU
		{003F82A6-A919-41E0-86BF-69B9985DC1EF}.Release|Any CPU.Build.0 = Release|Any CPU
		{2BD1EBC4-36E8-4366-8D8B-75C9EF3A060F}.Debug|Any CPU.ActiveCfg = Debug|Any CPU
		{2BD1EBC4-36E8-4366-8D8B-75C9EF3A060F}.Debug|Any CPU.Build.0 = Debug|Any CPU
		{2BD1EBC4-36E8-4366-8D8B-75C9EF3A060F}.Release|Any CPU.ActiveCfg = Release|Any CPU
		{2BD1EBC4-36E8-4366-8D8B-75C9EF3A060F}.Release|Any CPU.Build.0 = Release|Any CPU
		{EDD04EA9-11BC-48FF-AA74-5E1C9D214CE2}.Debug|Any CPU.ActiveCfg = Debug|Any CPU
		{EDD04EA9-11BC-48FF-AA74-5E1C9D214CE2}.Debug|Any CPU.Build.0 = Debug|Any CPU
		{EDD04EA9-11BC-48FF-AA74-5E1C9D214CE2}.Release|Any CPU.ActiveCfg = Release|Any CPU
		{EDD04EA9-11BC-48FF-AA74-5E1C9D214CE2}.Release|Any CPU.Build.0 = Release|Any CPU
		{C7F9D193-241D-40A4-ADEE-C370890A33BD}.Debug|Any CPU.ActiveCfg = Debug|Any CPU
		{C7F9D193-241D-40A4-ADEE-C370890A33BD}.Debug|Any CPU.Build.0 = Debug|Any CPU
		{C7F9D193-241D-40A4-ADEE-C370890A33BD}.Release|Any CPU.ActiveCfg = Release|Any CPU
		{C7F9D193-241D-40A4-ADEE-C370890A33BD}.Release|Any CPU.Build.0 = Release|Any CPU
		{B22DBE31-62C9-455D-BFAF-12487E82958B}.Debug|Any CPU.ActiveCfg = Debug|Any CPU
		{B22DBE31-62C9-455D-BFAF-12487E82958B}.Debug|Any CPU.Build.0 = Debug|Any CPU
		{B22DBE31-62C9-455D-BFAF-12487E82958B}.Release|Any CPU.ActiveCfg = Release|Any CPU
		{B22DBE31-62C9-455D-BFAF-12487E82958B}.Release|Any CPU.Build.0 = Release|Any CPU
		{A3C6A3B9-5944-49BA-8454-8F639CE37F0A}.Debug|Any CPU.ActiveCfg = Debug|Any CPU
		{A3C6A3B9-5944-49BA-8454-8F639CE37F0A}.Debug|Any CPU.Build.0 = Debug|Any CPU
		{A3C6A3B9-5944-49BA-8454-8F639CE37F0A}.Release|Any CPU.ActiveCfg = Release|Any CPU
		{A3C6A3B9-5944-49BA-8454-8F639CE37F0A}.Release|Any CPU.Build.0 = Release|Any CPU
		{D6DE5E15-CA61-4B2B-8F02-7C252C210709}.Debug|Any CPU.ActiveCfg = Debug|Any CPU
		{D6DE5E15-CA61-4B2B-8F02-7C252C210709}.Debug|Any CPU.Build.0 = Debug|Any CPU
		{D6DE5E15-CA61-4B2B-8F02-7C252C210709}.Release|Any CPU.ActiveCfg = Release|Any CPU
		{D6DE5E15-CA61-4B2B-8F02-7C252C210709}.Release|Any CPU.Build.0 = Release|Any CPU
		{9A9A8A0E-BD01-45C9-904C-31C7C5DBCC1B}.Debug|Any CPU.ActiveCfg = Debug|Any CPU
		{9A9A8A0E-BD01-45C9-904C-31C7C5DBCC1B}.Debug|Any CPU.Build.0 = Debug|Any CPU
		{9A9A8A0E-BD01-45C9-904C-31C7C5DBCC1B}.Release|Any CPU.ActiveCfg = Release|Any CPU
		{9A9A8A0E-BD01-45C9-904C-31C7C5DBCC1B}.Release|Any CPU.Build.0 = Release|Any CPU
		{430276C3-D062-4C1D-897E-D769D6FCD5ED}.Debug|Any CPU.ActiveCfg = Debug|Any CPU
		{430276C3-D062-4C1D-897E-D769D6FCD5ED}.Debug|Any CPU.Build.0 = Debug|Any CPU
		{430276C3-D062-4C1D-897E-D769D6FCD5ED}.Release|Any CPU.ActiveCfg = Release|Any CPU
		{430276C3-D062-4C1D-897E-D769D6FCD5ED}.Release|Any CPU.Build.0 = Release|Any CPU
		{7125E9B5-9DF9-4A2F-813B-FE2BBD901C8F}.Debug|Any CPU.ActiveCfg = Debug|Any CPU
		{7125E9B5-9DF9-4A2F-813B-FE2BBD901C8F}.Debug|Any CPU.Build.0 = Debug|Any CPU
		{7125E9B5-9DF9-4A2F-813B-FE2BBD901C8F}.Release|Any CPU.ActiveCfg = Release|Any CPU
		{7125E9B5-9DF9-4A2F-813B-FE2BBD901C8F}.Release|Any CPU.Build.0 = Release|Any CPU
		{1256D2E7-534C-4B5D-867C-112A80E1F398}.Debug|Any CPU.ActiveCfg = Debug|Any CPU
		{1256D2E7-534C-4B5D-867C-112A80E1F398}.Debug|Any CPU.Build.0 = Debug|Any CPU
		{1256D2E7-534C-4B5D-867C-112A80E1F398}.Release|Any CPU.ActiveCfg = Release|Any CPU
		{1256D2E7-534C-4B5D-867C-112A80E1F398}.Release|Any CPU.Build.0 = Release|Any CPU
		{4E2B2E3E-0262-47B1-AB81-D8CC7873326F}.Debug|Any CPU.ActiveCfg = Debug|Any CPU
		{4E2B2E3E-0262-47B1-AB81-D8CC7873326F}.Debug|Any CPU.Build.0 = Debug|Any CPU
		{4E2B2E3E-0262-47B1-AB81-D8CC7873326F}.Release|Any CPU.ActiveCfg = Release|Any CPU
		{4E2B2E3E-0262-47B1-AB81-D8CC7873326F}.Release|Any CPU.Build.0 = Release|Any CPU
		{8FF18D6B-BA4F-42CD-B545-F7E763C8CC4F}.Debug|Any CPU.ActiveCfg = Debug|Any CPU
		{8FF18D6B-BA4F-42CD-B545-F7E763C8CC4F}.Debug|Any CPU.Build.0 = Debug|Any CPU
		{8FF18D6B-BA4F-42CD-B545-F7E763C8CC4F}.Release|Any CPU.ActiveCfg = Release|Any CPU
		{8FF18D6B-BA4F-42CD-B545-F7E763C8CC4F}.Release|Any CPU.Build.0 = Release|Any CPU
		{0EB0A986-8410-4D3E-B3D8-D7DA7FB2783B}.Debug|Any CPU.ActiveCfg = Debug|Any CPU
		{0EB0A986-8410-4D3E-B3D8-D7DA7FB2783B}.Debug|Any CPU.Build.0 = Debug|Any CPU
		{0EB0A986-8410-4D3E-B3D8-D7DA7FB2783B}.Release|Any CPU.ActiveCfg = Release|Any CPU
		{0EB0A986-8410-4D3E-B3D8-D7DA7FB2783B}.Release|Any CPU.Build.0 = Release|Any CPU
		{7A1C68A0-3A8A-4133-AD4B-655F5EAB959B}.Debug|Any CPU.ActiveCfg = Debug|Any CPU
		{7A1C68A0-3A8A-4133-AD4B-655F5EAB959B}.Debug|Any CPU.Build.0 = Debug|Any CPU
		{7A1C68A0-3A8A-4133-AD4B-655F5EAB959B}.Release|Any CPU.ActiveCfg = Release|Any CPU
		{7A1C68A0-3A8A-4133-AD4B-655F5EAB959B}.Release|Any CPU.Build.0 = Release|Any CPU
		{E7E9E260-38B9-4001-B788-995BD9B6EDE5}.Debug|Any CPU.ActiveCfg = Debug|Any CPU
		{E7E9E260-38B9-4001-B788-995BD9B6EDE5}.Debug|Any CPU.Build.0 = Debug|Any CPU
		{E7E9E260-38B9-4001-B788-995BD9B6EDE5}.Release|Any CPU.ActiveCfg = Release|Any CPU
		{E7E9E260-38B9-4001-B788-995BD9B6EDE5}.Release|Any CPU.Build.0 = Release|Any CPU
		{C189A28E-9AAA-40D5-AECC-99965D46A8B4}.Debug|Any CPU.ActiveCfg = Debug|Any CPU
		{C189A28E-9AAA-40D5-AECC-99965D46A8B4}.Debug|Any CPU.Build.0 = Debug|Any CPU
		{C189A28E-9AAA-40D5-AECC-99965D46A8B4}.Release|Any CPU.ActiveCfg = Release|Any CPU
		{C189A28E-9AAA-40D5-AECC-99965D46A8B4}.Release|Any CPU.Build.0 = Release|Any CPU
		{1B722B0D-FCED-4FEB-B202-4B654F635388}.Debug|Any CPU.ActiveCfg = Debug|Any CPU
		{1B722B0D-FCED-4FEB-B202-4B654F635388}.Debug|Any CPU.Build.0 = Debug|Any CPU
		{1B722B0D-FCED-4FEB-B202-4B654F635388}.Release|Any CPU.ActiveCfg = Release|Any CPU
		{1B722B0D-FCED-4FEB-B202-4B654F635388}.Release|Any CPU.Build.0 = Release|Any CPU
		{59DBFE04-A36A-4B60-988B-959A1C2595FF}.Debug|Any CPU.ActiveCfg = Debug|Any CPU
		{59DBFE04-A36A-4B60-988B-959A1C2595FF}.Debug|Any CPU.Build.0 = Debug|Any CPU
		{59DBFE04-A36A-4B60-988B-959A1C2595FF}.Release|Any CPU.ActiveCfg = Release|Any CPU
		{59DBFE04-A36A-4B60-988B-959A1C2595FF}.Release|Any CPU.Build.0 = Release|Any CPU
		{6129F071-3541-4518-BB93-0C979AF76CEB}.Debug|Any CPU.ActiveCfg = Debug|Any CPU
		{6129F071-3541-4518-BB93-0C979AF76CEB}.Debug|Any CPU.Build.0 = Debug|Any CPU
		{6129F071-3541-4518-BB93-0C979AF76CEB}.Release|Any CPU.ActiveCfg = Release|Any CPU
		{6129F071-3541-4518-BB93-0C979AF76CEB}.Release|Any CPU.Build.0 = Release|Any CPU
		{3DAA7608-DC33-4151-A156-2D5C451F7683}.Debug|Any CPU.ActiveCfg = Debug|Any CPU
		{3DAA7608-DC33-4151-A156-2D5C451F7683}.Debug|Any CPU.Build.0 = Debug|Any CPU
		{3DAA7608-DC33-4151-A156-2D5C451F7683}.Release|Any CPU.ActiveCfg = Release|Any CPU
		{3DAA7608-DC33-4151-A156-2D5C451F7683}.Release|Any CPU.Build.0 = Release|Any CPU
		{BA9FC2FD-729D-44D2-8915-429BCE5483CB}.Debug|Any CPU.ActiveCfg = Debug|Any CPU
		{BA9FC2FD-729D-44D2-8915-429BCE5483CB}.Debug|Any CPU.Build.0 = Debug|Any CPU
		{BA9FC2FD-729D-44D2-8915-429BCE5483CB}.Release|Any CPU.ActiveCfg = Release|Any CPU
		{BA9FC2FD-729D-44D2-8915-429BCE5483CB}.Release|Any CPU.Build.0 = Release|Any CPU
		{C2BBB438-24E5-4C1E-9F43-27E8230ED34D}.Debug|Any CPU.ActiveCfg = Debug|Any CPU
		{C2BBB438-24E5-4C1E-9F43-27E8230ED34D}.Debug|Any CPU.Build.0 = Debug|Any CPU
		{C2BBB438-24E5-4C1E-9F43-27E8230ED34D}.Release|Any CPU.ActiveCfg = Release|Any CPU
		{C2BBB438-24E5-4C1E-9F43-27E8230ED34D}.Release|Any CPU.Build.0 = Release|Any CPU
		{40114B84-6B33-4E96-BA9C-C318D8416FEB}.Debug|Any CPU.ActiveCfg = Debug|Any CPU
		{40114B84-6B33-4E96-BA9C-C318D8416FEB}.Debug|Any CPU.Build.0 = Debug|Any CPU
		{40114B84-6B33-4E96-BA9C-C318D8416FEB}.Release|Any CPU.ActiveCfg = Release|Any CPU
		{40114B84-6B33-4E96-BA9C-C318D8416FEB}.Release|Any CPU.Build.0 = Release|Any CPU
		{8801B440-C618-4A75-A4F4-6F1889BAB1A6}.Debug|Any CPU.ActiveCfg = Debug|Any CPU
		{8801B440-C618-4A75-A4F4-6F1889BAB1A6}.Debug|Any CPU.Build.0 = Debug|Any CPU
		{8801B440-C618-4A75-A4F4-6F1889BAB1A6}.Release|Any CPU.ActiveCfg = Release|Any CPU
		{8801B440-C618-4A75-A4F4-6F1889BAB1A6}.Release|Any CPU.Build.0 = Release|Any CPU
		{FAA89521-1D80-4039-B6BB-C64F5482FE26}.Debug|Any CPU.ActiveCfg = Debug|Any CPU
		{FAA89521-1D80-4039-B6BB-C64F5482FE26}.Debug|Any CPU.Build.0 = Debug|Any CPU
		{FAA89521-1D80-4039-B6BB-C64F5482FE26}.Release|Any CPU.ActiveCfg = Release|Any CPU
		{FAA89521-1D80-4039-B6BB-C64F5482FE26}.Release|Any CPU.Build.0 = Release|Any CPU
		{5108495D-B39B-4F24-9717-04F634FD859E}.Debug|Any CPU.ActiveCfg = Debug|Any CPU
		{5108495D-B39B-4F24-9717-04F634FD859E}.Debug|Any CPU.Build.0 = Debug|Any CPU
		{5108495D-B39B-4F24-9717-04F634FD859E}.Release|Any CPU.ActiveCfg = Release|Any CPU
		{5108495D-B39B-4F24-9717-04F634FD859E}.Release|Any CPU.Build.0 = Release|Any CPU
		{BED7AB33-C4F6-4437-806C-6A0C88363F21}.Debug|Any CPU.ActiveCfg = Debug|Any CPU
		{BED7AB33-C4F6-4437-806C-6A0C88363F21}.Debug|Any CPU.Build.0 = Debug|Any CPU
		{BED7AB33-C4F6-4437-806C-6A0C88363F21}.Release|Any CPU.ActiveCfg = Release|Any CPU
		{BED7AB33-C4F6-4437-806C-6A0C88363F21}.Release|Any CPU.Build.0 = Release|Any CPU
		{9E84B5D9-A002-440F-8D26-833602B1A73F}.Debug|Any CPU.ActiveCfg = Debug|Any CPU
		{9E84B5D9-A002-440F-8D26-833602B1A73F}.Debug|Any CPU.Build.0 = Debug|Any CPU
		{9E84B5D9-A002-440F-8D26-833602B1A73F}.Release|Any CPU.ActiveCfg = Release|Any CPU
		{9E84B5D9-A002-440F-8D26-833602B1A73F}.Release|Any CPU.Build.0 = Release|Any CPU
		{4914DF49-61F5-43B2-B7F0-134240B132BE}.Debug|Any CPU.ActiveCfg = Debug|Any CPU
		{4914DF49-61F5-43B2-B7F0-134240B132BE}.Debug|Any CPU.Build.0 = Debug|Any CPU
		{4914DF49-61F5-43B2-B7F0-134240B132BE}.Release|Any CPU.ActiveCfg = Release|Any CPU
		{4914DF49-61F5-43B2-B7F0-134240B132BE}.Release|Any CPU.Build.0 = Release|Any CPU
		{AC62FEE0-0718-4A73-8B7A-D796192C424E}.Debug|Any CPU.ActiveCfg = Debug|Any CPU
		{AC62FEE0-0718-4A73-8B7A-D796192C424E}.Debug|Any CPU.Build.0 = Debug|Any CPU
		{AC62FEE0-0718-4A73-8B7A-D796192C424E}.Release|Any CPU.ActiveCfg = Release|Any CPU
		{AC62FEE0-0718-4A73-8B7A-D796192C424E}.Release|Any CPU.Build.0 = Release|Any CPU
		{56189AC7-930B-4932-B1DE-4B8C4C37DEB8}.Debug|Any CPU.ActiveCfg = Debug|Any CPU
		{56189AC7-930B-4932-B1DE-4B8C4C37DEB8}.Debug|Any CPU.Build.0 = Debug|Any CPU
		{56189AC7-930B-4932-B1DE-4B8C4C37DEB8}.Release|Any CPU.ActiveCfg = Release|Any CPU
		{56189AC7-930B-4932-B1DE-4B8C4C37DEB8}.Release|Any CPU.Build.0 = Release|Any CPU
		{C8B05D8F-2F9E-437D-8E59-B7CC34FED6D3}.Debug|Any CPU.ActiveCfg = Debug|Any CPU
		{C8B05D8F-2F9E-437D-8E59-B7CC34FED6D3}.Debug|Any CPU.Build.0 = Debug|Any CPU
		{C8B05D8F-2F9E-437D-8E59-B7CC34FED6D3}.Release|Any CPU.ActiveCfg = Release|Any CPU
		{C8B05D8F-2F9E-437D-8E59-B7CC34FED6D3}.Release|Any CPU.Build.0 = Release|Any CPU
		{6ABD33F9-929C-4A36-AD62-791B411ED78E}.Debug|Any CPU.ActiveCfg = Debug|Any CPU
		{6ABD33F9-929C-4A36-AD62-791B411ED78E}.Debug|Any CPU.Build.0 = Debug|Any CPU
		{6ABD33F9-929C-4A36-AD62-791B411ED78E}.Release|Any CPU.ActiveCfg = Release|Any CPU
		{6ABD33F9-929C-4A36-AD62-791B411ED78E}.Release|Any CPU.Build.0 = Release|Any CPU
		{AAAEB141-465E-4DF9-A445-D4023CA77D18}.Debug|Any CPU.ActiveCfg = Debug|Any CPU
		{AAAEB141-465E-4DF9-A445-D4023CA77D18}.Debug|Any CPU.Build.0 = Debug|Any CPU
		{AAAEB141-465E-4DF9-A445-D4023CA77D18}.Release|Any CPU.ActiveCfg = Release|Any CPU
		{AAAEB141-465E-4DF9-A445-D4023CA77D18}.Release|Any CPU.Build.0 = Release|Any CPU
		{97A80B92-3CE4-4A72-9C6F-8BEBB087B546}.Debug|Any CPU.ActiveCfg = Debug|Any CPU
		{97A80B92-3CE4-4A72-9C6F-8BEBB087B546}.Debug|Any CPU.Build.0 = Debug|Any CPU
		{97A80B92-3CE4-4A72-9C6F-8BEBB087B546}.Release|Any CPU.ActiveCfg = Release|Any CPU
		{97A80B92-3CE4-4A72-9C6F-8BEBB087B546}.Release|Any CPU.Build.0 = Release|Any CPU
		{A7FDC9AB-E1D4-4FA1-A9A9-A919A9494F8D}.Debug|Any CPU.ActiveCfg = Debug|Any CPU
		{A7FDC9AB-E1D4-4FA1-A9A9-A919A9494F8D}.Debug|Any CPU.Build.0 = Debug|Any CPU
		{A7FDC9AB-E1D4-4FA1-A9A9-A919A9494F8D}.Release|Any CPU.ActiveCfg = Release|Any CPU
		{A7FDC9AB-E1D4-4FA1-A9A9-A919A9494F8D}.Release|Any CPU.Build.0 = Release|Any CPU
		{7540E52F-C4E5-476C-990A-39145D38FF5A}.Debug|Any CPU.ActiveCfg = Debug|Any CPU
		{7540E52F-C4E5-476C-990A-39145D38FF5A}.Debug|Any CPU.Build.0 = Debug|Any CPU
		{7540E52F-C4E5-476C-990A-39145D38FF5A}.Release|Any CPU.ActiveCfg = Release|Any CPU
		{7540E52F-C4E5-476C-990A-39145D38FF5A}.Release|Any CPU.Build.0 = Release|Any CPU
		{433CEC5F-5CCE-4359-9040-E825CB22744F}.Debug|Any CPU.ActiveCfg = Debug|Any CPU
		{433CEC5F-5CCE-4359-9040-E825CB22744F}.Debug|Any CPU.Build.0 = Debug|Any CPU
		{433CEC5F-5CCE-4359-9040-E825CB22744F}.Release|Any CPU.ActiveCfg = Release|Any CPU
		{433CEC5F-5CCE-4359-9040-E825CB22744F}.Release|Any CPU.Build.0 = Release|Any CPU
		{BA5F1C40-4C2D-4455-A95A-D1C8C4AC2E9D}.Debug|Any CPU.ActiveCfg = Debug|Any CPU
		{BA5F1C40-4C2D-4455-A95A-D1C8C4AC2E9D}.Debug|Any CPU.Build.0 = Debug|Any CPU
		{BA5F1C40-4C2D-4455-A95A-D1C8C4AC2E9D}.Release|Any CPU.ActiveCfg = Release|Any CPU
		{BA5F1C40-4C2D-4455-A95A-D1C8C4AC2E9D}.Release|Any CPU.Build.0 = Release|Any CPU
		{8685D28B-A88D-4C44-BF4A-39A5DC3ED884}.Debug|Any CPU.ActiveCfg = Debug|Any CPU
		{8685D28B-A88D-4C44-BF4A-39A5DC3ED884}.Debug|Any CPU.Build.0 = Debug|Any CPU
		{8685D28B-A88D-4C44-BF4A-39A5DC3ED884}.Release|Any CPU.ActiveCfg = Release|Any CPU
		{8685D28B-A88D-4C44-BF4A-39A5DC3ED884}.Release|Any CPU.Build.0 = Release|Any CPU
		{2A508D69-04F9-4888-B00A-2AD6B751EFE8}.Debug|Any CPU.ActiveCfg = Debug|Any CPU
		{2A508D69-04F9-4888-B00A-2AD6B751EFE8}.Debug|Any CPU.Build.0 = Debug|Any CPU
		{2A508D69-04F9-4888-B00A-2AD6B751EFE8}.Release|Any CPU.ActiveCfg = Release|Any CPU
		{2A508D69-04F9-4888-B00A-2AD6B751EFE8}.Release|Any CPU.Build.0 = Release|Any CPU
		{199948DA-B223-4E54-BF7B-468CFB31875B}.Debug|Any CPU.ActiveCfg = Debug|Any CPU
		{199948DA-B223-4E54-BF7B-468CFB31875B}.Debug|Any CPU.Build.0 = Debug|Any CPU
		{199948DA-B223-4E54-BF7B-468CFB31875B}.Release|Any CPU.ActiveCfg = Release|Any CPU
		{199948DA-B223-4E54-BF7B-468CFB31875B}.Release|Any CPU.Build.0 = Release|Any CPU
		{FF90BF6F-6EA0-4677-BBA0-60E87862036B}.Debug|Any CPU.ActiveCfg = Debug|Any CPU
		{FF90BF6F-6EA0-4677-BBA0-60E87862036B}.Debug|Any CPU.Build.0 = Debug|Any CPU
		{FF90BF6F-6EA0-4677-BBA0-60E87862036B}.Release|Any CPU.ActiveCfg = Release|Any CPU
		{FF90BF6F-6EA0-4677-BBA0-60E87862036B}.Release|Any CPU.Build.0 = Release|Any CPU
		{9867B222-9185-4CD9-B889-060F12C12432}.Debug|Any CPU.ActiveCfg = Debug|Any CPU
		{9867B222-9185-4CD9-B889-060F12C12432}.Debug|Any CPU.Build.0 = Debug|Any CPU
		{9867B222-9185-4CD9-B889-060F12C12432}.Release|Any CPU.ActiveCfg = Release|Any CPU
		{9867B222-9185-4CD9-B889-060F12C12432}.Release|Any CPU.Build.0 = Release|Any CPU
		{EC572C93-2759-4AB5-A0B7-7797DFF27811}.Debug|Any CPU.ActiveCfg = Debug|Any CPU
		{EC572C93-2759-4AB5-A0B7-7797DFF27811}.Debug|Any CPU.Build.0 = Debug|Any CPU
		{EC572C93-2759-4AB5-A0B7-7797DFF27811}.Release|Any CPU.ActiveCfg = Release|Any CPU
		{EC572C93-2759-4AB5-A0B7-7797DFF27811}.Release|Any CPU.Build.0 = Release|Any CPU
		{F5EB3944-C50D-4835-B020-D19EBB1EB5EF}.Debug|Any CPU.ActiveCfg = Debug|Any CPU
		{F5EB3944-C50D-4835-B020-D19EBB1EB5EF}.Debug|Any CPU.Build.0 = Debug|Any CPU
		{F5EB3944-C50D-4835-B020-D19EBB1EB5EF}.Release|Any CPU.ActiveCfg = Release|Any CPU
		{F5EB3944-C50D-4835-B020-D19EBB1EB5EF}.Release|Any CPU.Build.0 = Release|Any CPU
		{790D577C-DEA0-424A-A505-26F46051FF4F}.Debug|Any CPU.ActiveCfg = Debug|Any CPU
		{790D577C-DEA0-424A-A505-26F46051FF4F}.Debug|Any CPU.Build.0 = Debug|Any CPU
		{790D577C-DEA0-424A-A505-26F46051FF4F}.Release|Any CPU.ActiveCfg = Release|Any CPU
		{790D577C-DEA0-424A-A505-26F46051FF4F}.Release|Any CPU.Build.0 = Release|Any CPU
		{19A7CE1D-F1F3-44B9-B3F9-A8C850C4C06C}.Debug|Any CPU.ActiveCfg = Debug|Any CPU
		{19A7CE1D-F1F3-44B9-B3F9-A8C850C4C06C}.Debug|Any CPU.Build.0 = Debug|Any CPU
		{19A7CE1D-F1F3-44B9-B3F9-A8C850C4C06C}.Release|Any CPU.ActiveCfg = Release|Any CPU
		{19A7CE1D-F1F3-44B9-B3F9-A8C850C4C06C}.Release|Any CPU.Build.0 = Release|Any CPU
		{F8483740-4902-47CF-8FB9-7946CF0E5267}.Debug|Any CPU.ActiveCfg = Debug|Any CPU
		{F8483740-4902-47CF-8FB9-7946CF0E5267}.Debug|Any CPU.Build.0 = Debug|Any CPU
		{F8483740-4902-47CF-8FB9-7946CF0E5267}.Release|Any CPU.ActiveCfg = Release|Any CPU
		{F8483740-4902-47CF-8FB9-7946CF0E5267}.Release|Any CPU.Build.0 = Release|Any CPU
		{6167C4F6-45C2-489B-8A78-FBEA1A6A67B9}.Debug|Any CPU.ActiveCfg = Debug|Any CPU
		{6167C4F6-45C2-489B-8A78-FBEA1A6A67B9}.Debug|Any CPU.Build.0 = Debug|Any CPU
		{6167C4F6-45C2-489B-8A78-FBEA1A6A67B9}.Release|Any CPU.ActiveCfg = Release|Any CPU
		{6167C4F6-45C2-489B-8A78-FBEA1A6A67B9}.Release|Any CPU.Build.0 = Release|Any CPU
		{C1C1219A-E8B7-44C0-B6B1-851814D6A4EB}.Debug|Any CPU.ActiveCfg = Debug|Any CPU
		{C1C1219A-E8B7-44C0-B6B1-851814D6A4EB}.Debug|Any CPU.Build.0 = Debug|Any CPU
		{C1C1219A-E8B7-44C0-B6B1-851814D6A4EB}.Release|Any CPU.ActiveCfg = Release|Any CPU
		{C1C1219A-E8B7-44C0-B6B1-851814D6A4EB}.Release|Any CPU.Build.0 = Release|Any CPU
		{9E6ECEB8-6CD7-470D-A11E-18DB719CD96A}.Debug|Any CPU.ActiveCfg = Debug|Any CPU
		{9E6ECEB8-6CD7-470D-A11E-18DB719CD96A}.Debug|Any CPU.Build.0 = Debug|Any CPU
		{9E6ECEB8-6CD7-470D-A11E-18DB719CD96A}.Release|Any CPU.ActiveCfg = Release|Any CPU
		{9E6ECEB8-6CD7-470D-A11E-18DB719CD96A}.Release|Any CPU.Build.0 = Release|Any CPU
		{CA46A42A-F0E9-4E0D-BFEF-821ECC63DC31}.Debug|Any CPU.ActiveCfg = Debug|Any CPU
		{CA46A42A-F0E9-4E0D-BFEF-821ECC63DC31}.Debug|Any CPU.Build.0 = Debug|Any CPU
		{CA46A42A-F0E9-4E0D-BFEF-821ECC63DC31}.Release|Any CPU.ActiveCfg = Release|Any CPU
		{CA46A42A-F0E9-4E0D-BFEF-821ECC63DC31}.Release|Any CPU.Build.0 = Release|Any CPU
		{FD1C5AD3-0E59-49FA-860B-DFC501574069}.Debug|Any CPU.ActiveCfg = Debug|Any CPU
		{FD1C5AD3-0E59-49FA-860B-DFC501574069}.Debug|Any CPU.Build.0 = Debug|Any CPU
		{FD1C5AD3-0E59-49FA-860B-DFC501574069}.Release|Any CPU.ActiveCfg = Release|Any CPU
		{FD1C5AD3-0E59-49FA-860B-DFC501574069}.Release|Any CPU.Build.0 = Release|Any CPU
		{BABE9077-2B23-44CC-ADF0-D7BB607FA866}.Debug|Any CPU.ActiveCfg = Debug|Any CPU
		{BABE9077-2B23-44CC-ADF0-D7BB607FA866}.Debug|Any CPU.Build.0 = Debug|Any CPU
		{BABE9077-2B23-44CC-ADF0-D7BB607FA866}.Release|Any CPU.ActiveCfg = Release|Any CPU
		{BABE9077-2B23-44CC-ADF0-D7BB607FA866}.Release|Any CPU.Build.0 = Release|Any CPU
		{F3EB35F4-B04A-4B0E-86FA-0490AE2B1303}.Debug|Any CPU.ActiveCfg = Debug|Any CPU
		{F3EB35F4-B04A-4B0E-86FA-0490AE2B1303}.Debug|Any CPU.Build.0 = Debug|Any CPU
		{F3EB35F4-B04A-4B0E-86FA-0490AE2B1303}.Release|Any CPU.ActiveCfg = Release|Any CPU
		{F3EB35F4-B04A-4B0E-86FA-0490AE2B1303}.Release|Any CPU.Build.0 = Release|Any CPU
		{8985F2E2-F9E0-4945-916B-084D068B9399}.Debug|Any CPU.ActiveCfg = Debug|Any CPU
		{8985F2E2-F9E0-4945-916B-084D068B9399}.Debug|Any CPU.Build.0 = Debug|Any CPU
		{8985F2E2-F9E0-4945-916B-084D068B9399}.Release|Any CPU.ActiveCfg = Release|Any CPU
		{8985F2E2-F9E0-4945-916B-084D068B9399}.Release|Any CPU.Build.0 = Release|Any CPU
		{7DA2EE77-616A-4711-8BC1-E35BE03B5BF0}.Debug|Any CPU.ActiveCfg = Debug|Any CPU
		{7DA2EE77-616A-4711-8BC1-E35BE03B5BF0}.Debug|Any CPU.Build.0 = Debug|Any CPU
		{7DA2EE77-616A-4711-8BC1-E35BE03B5BF0}.Release|Any CPU.ActiveCfg = Release|Any CPU
		{7DA2EE77-616A-4711-8BC1-E35BE03B5BF0}.Release|Any CPU.Build.0 = Release|Any CPU
		{40393729-7D0B-4E3A-BB71-D8FE4562052C}.Debug|Any CPU.ActiveCfg = Debug|Any CPU
		{40393729-7D0B-4E3A-BB71-D8FE4562052C}.Debug|Any CPU.Build.0 = Debug|Any CPU
		{40393729-7D0B-4E3A-BB71-D8FE4562052C}.Release|Any CPU.ActiveCfg = Release|Any CPU
		{40393729-7D0B-4E3A-BB71-D8FE4562052C}.Release|Any CPU.Build.0 = Release|Any CPU
		{6B96E362-2BE4-4B45-8F66-760A13AD7238}.Debug|Any CPU.ActiveCfg = Debug|Any CPU
		{6B96E362-2BE4-4B45-8F66-760A13AD7238}.Debug|Any CPU.Build.0 = Debug|Any CPU
		{6B96E362-2BE4-4B45-8F66-760A13AD7238}.Release|Any CPU.ActiveCfg = Release|Any CPU
		{6B96E362-2BE4-4B45-8F66-760A13AD7238}.Release|Any CPU.Build.0 = Release|Any CPU
		{7EFEA86D-F62E-4249-944A-332505C9223D}.Debug|Any CPU.ActiveCfg = Debug|Any CPU
		{7EFEA86D-F62E-4249-944A-332505C9223D}.Debug|Any CPU.Build.0 = Debug|Any CPU
		{7EFEA86D-F62E-4249-944A-332505C9223D}.Release|Any CPU.ActiveCfg = Release|Any CPU
		{7EFEA86D-F62E-4249-944A-332505C9223D}.Release|Any CPU.Build.0 = Release|Any CPU
		{75F2C9B7-3C7D-4D2F-9CDC-8E63FC872591}.Debug|Any CPU.ActiveCfg = Debug|Any CPU
		{75F2C9B7-3C7D-4D2F-9CDC-8E63FC872591}.Debug|Any CPU.Build.0 = Debug|Any CPU
		{75F2C9B7-3C7D-4D2F-9CDC-8E63FC872591}.Release|Any CPU.ActiveCfg = Release|Any CPU
		{75F2C9B7-3C7D-4D2F-9CDC-8E63FC872591}.Release|Any CPU.Build.0 = Release|Any CPU
		{315BC694-A5F6-4BA9-B824-530DCD7F663B}.Debug|Any CPU.ActiveCfg = Debug|Any CPU
		{315BC694-A5F6-4BA9-B824-530DCD7F663B}.Debug|Any CPU.Build.0 = Debug|Any CPU
		{315BC694-A5F6-4BA9-B824-530DCD7F663B}.Release|Any CPU.ActiveCfg = Release|Any CPU
		{315BC694-A5F6-4BA9-B824-530DCD7F663B}.Release|Any CPU.Build.0 = Release|Any CPU
		{AEABE8A5-1502-40C4-8544-39A592A7232C}.Debug|Any CPU.ActiveCfg = Debug|Any CPU
		{AEABE8A5-1502-40C4-8544-39A592A7232C}.Debug|Any CPU.Build.0 = Debug|Any CPU
		{AEABE8A5-1502-40C4-8544-39A592A7232C}.Release|Any CPU.ActiveCfg = Release|Any CPU
		{AEABE8A5-1502-40C4-8544-39A592A7232C}.Release|Any CPU.Build.0 = Release|Any CPU
		{169F090F-F1F8-4BDC-9E89-0FC6FDA9E784}.Debug|Any CPU.ActiveCfg = Debug|Any CPU
		{169F090F-F1F8-4BDC-9E89-0FC6FDA9E784}.Debug|Any CPU.Build.0 = Debug|Any CPU
		{169F090F-F1F8-4BDC-9E89-0FC6FDA9E784}.Release|Any CPU.ActiveCfg = Release|Any CPU
		{169F090F-F1F8-4BDC-9E89-0FC6FDA9E784}.Release|Any CPU.Build.0 = Release|Any CPU
		{83CEDB2E-FCC5-47D5-9328-DC57218A8B65}.Debug|Any CPU.ActiveCfg = Debug|Any CPU
		{83CEDB2E-FCC5-47D5-9328-DC57218A8B65}.Debug|Any CPU.Build.0 = Debug|Any CPU
		{83CEDB2E-FCC5-47D5-9328-DC57218A8B65}.Release|Any CPU.ActiveCfg = Release|Any CPU
		{83CEDB2E-FCC5-47D5-9328-DC57218A8B65}.Release|Any CPU.Build.0 = Release|Any CPU
		{F939B789-ECAE-4D53-8195-DC94F5330B39}.Debug|Any CPU.ActiveCfg = Debug|Any CPU
		{F939B789-ECAE-4D53-8195-DC94F5330B39}.Debug|Any CPU.Build.0 = Debug|Any CPU
		{F939B789-ECAE-4D53-8195-DC94F5330B39}.Release|Any CPU.ActiveCfg = Release|Any CPU
		{F939B789-ECAE-4D53-8195-DC94F5330B39}.Release|Any CPU.Build.0 = Release|Any CPU
		{EFB1BF3B-8DC7-42EC-800B-C4821566FE5B}.Debug|Any CPU.ActiveCfg = Debug|Any CPU
		{EFB1BF3B-8DC7-42EC-800B-C4821566FE5B}.Debug|Any CPU.Build.0 = Debug|Any CPU
		{EFB1BF3B-8DC7-42EC-800B-C4821566FE5B}.Release|Any CPU.ActiveCfg = Release|Any CPU
		{EFB1BF3B-8DC7-42EC-800B-C4821566FE5B}.Release|Any CPU.Build.0 = Release|Any CPU
		{14A5CA3D-CF6F-4422-B676-9CBF735AA2D4}.Debug|Any CPU.ActiveCfg = Debug|Any CPU
		{14A5CA3D-CF6F-4422-B676-9CBF735AA2D4}.Debug|Any CPU.Build.0 = Debug|Any CPU
		{14A5CA3D-CF6F-4422-B676-9CBF735AA2D4}.Release|Any CPU.ActiveCfg = Release|Any CPU
		{14A5CA3D-CF6F-4422-B676-9CBF735AA2D4}.Release|Any CPU.Build.0 = Release|Any CPU
		{D701F3A5-12D4-4D35-950D-729C05D4E9FA}.Debug|Any CPU.ActiveCfg = Debug|Any CPU
		{D701F3A5-12D4-4D35-950D-729C05D4E9FA}.Debug|Any CPU.Build.0 = Debug|Any CPU
		{D701F3A5-12D4-4D35-950D-729C05D4E9FA}.Release|Any CPU.ActiveCfg = Release|Any CPU
		{D701F3A5-12D4-4D35-950D-729C05D4E9FA}.Release|Any CPU.Build.0 = Release|Any CPU
		{D7A083A8-6E50-4F75-A925-715481331C20}.Debug|Any CPU.ActiveCfg = Debug|Any CPU
		{D7A083A8-6E50-4F75-A925-715481331C20}.Debug|Any CPU.Build.0 = Debug|Any CPU
		{D7A083A8-6E50-4F75-A925-715481331C20}.Release|Any CPU.ActiveCfg = Release|Any CPU
		{D7A083A8-6E50-4F75-A925-715481331C20}.Release|Any CPU.Build.0 = Release|Any CPU
		{44AC4BE3-3E4F-4658-99C5-9E9248C964CE}.Debug|Any CPU.ActiveCfg = Debug|Any CPU
		{44AC4BE3-3E4F-4658-99C5-9E9248C964CE}.Debug|Any CPU.Build.0 = Debug|Any CPU
		{44AC4BE3-3E4F-4658-99C5-9E9248C964CE}.Release|Any CPU.ActiveCfg = Release|Any CPU
		{44AC4BE3-3E4F-4658-99C5-9E9248C964CE}.Release|Any CPU.Build.0 = Release|Any CPU
		{4E01B9BC-7E18-435B-8FB5-F6536FD7B999}.Debug|Any CPU.ActiveCfg = Debug|Any CPU
		{4E01B9BC-7E18-435B-8FB5-F6536FD7B999}.Debug|Any CPU.Build.0 = Debug|Any CPU
		{4E01B9BC-7E18-435B-8FB5-F6536FD7B999}.Release|Any CPU.ActiveCfg = Release|Any CPU
		{4E01B9BC-7E18-435B-8FB5-F6536FD7B999}.Release|Any CPU.Build.0 = Release|Any CPU
		{953701B7-7BD6-45AF-902E-96626F38AC90}.Debug|Any CPU.ActiveCfg = Debug|Any CPU
		{953701B7-7BD6-45AF-902E-96626F38AC90}.Debug|Any CPU.Build.0 = Debug|Any CPU
		{953701B7-7BD6-45AF-902E-96626F38AC90}.Release|Any CPU.ActiveCfg = Release|Any CPU
		{953701B7-7BD6-45AF-902E-96626F38AC90}.Release|Any CPU.Build.0 = Release|Any CPU
		{03FB0433-C7DC-4BB8-826B-D2F71EE35A4D}.Debug|Any CPU.ActiveCfg = Debug|Any CPU
		{03FB0433-C7DC-4BB8-826B-D2F71EE35A4D}.Debug|Any CPU.Build.0 = Debug|Any CPU
		{03FB0433-C7DC-4BB8-826B-D2F71EE35A4D}.Release|Any CPU.ActiveCfg = Release|Any CPU
		{03FB0433-C7DC-4BB8-826B-D2F71EE35A4D}.Release|Any CPU.Build.0 = Release|Any CPU
		{D04ACAA4-A36A-4D49-8A57-F3BFA61DC168}.Debug|Any CPU.ActiveCfg = Debug|Any CPU
		{D04ACAA4-A36A-4D49-8A57-F3BFA61DC168}.Debug|Any CPU.Build.0 = Debug|Any CPU
		{D04ACAA4-A36A-4D49-8A57-F3BFA61DC168}.Release|Any CPU.ActiveCfg = Release|Any CPU
		{D04ACAA4-A36A-4D49-8A57-F3BFA61DC168}.Release|Any CPU.Build.0 = Release|Any CPU
		{0C19D1C1-B358-470C-A629-DF22D22C96C4}.Debug|Any CPU.ActiveCfg = Debug|Any CPU
		{0C19D1C1-B358-470C-A629-DF22D22C96C4}.Debug|Any CPU.Build.0 = Debug|Any CPU
		{0C19D1C1-B358-470C-A629-DF22D22C96C4}.Release|Any CPU.ActiveCfg = Release|Any CPU
		{0C19D1C1-B358-470C-A629-DF22D22C96C4}.Release|Any CPU.Build.0 = Release|Any CPU
		{07A97E5C-4879-43E7-A4C3-281C898E8629}.Debug|Any CPU.ActiveCfg = Debug|Any CPU
		{07A97E5C-4879-43E7-A4C3-281C898E8629}.Debug|Any CPU.Build.0 = Debug|Any CPU
		{07A97E5C-4879-43E7-A4C3-281C898E8629}.Release|Any CPU.ActiveCfg = Release|Any CPU
		{07A97E5C-4879-43E7-A4C3-281C898E8629}.Release|Any CPU.Build.0 = Release|Any CPU
		{01732FE1-FB6C-476D-81DC-E3B601AB9704}.Debug|Any CPU.ActiveCfg = Debug|Any CPU
		{01732FE1-FB6C-476D-81DC-E3B601AB9704}.Debug|Any CPU.Build.0 = Debug|Any CPU
		{01732FE1-FB6C-476D-81DC-E3B601AB9704}.Release|Any CPU.ActiveCfg = Release|Any CPU
		{01732FE1-FB6C-476D-81DC-E3B601AB9704}.Release|Any CPU.Build.0 = Release|Any CPU
		{51D4EDF0-213C-4F7E-B72D-BBC067556F96}.Debug|Any CPU.ActiveCfg = Debug|Any CPU
		{51D4EDF0-213C-4F7E-B72D-BBC067556F96}.Debug|Any CPU.Build.0 = Debug|Any CPU
		{51D4EDF0-213C-4F7E-B72D-BBC067556F96}.Release|Any CPU.ActiveCfg = Release|Any CPU
		{51D4EDF0-213C-4F7E-B72D-BBC067556F96}.Release|Any CPU.Build.0 = Release|Any CPU
	EndGlobalSection
	GlobalSection(SolutionProperties) = preSolution
		HideSolutionNode = FALSE
	EndGlobalSection
	GlobalSection(ExtensibilityGlobals) = postSolution
		SolutionGuid = {366A6C14-25ED-459B-8FA7-C1240937E1E4}
	EndGlobalSection
EndGlobal
