
Microsoft Visual Studio Solution File, Format Version 12.00
# Visual Studio Version 17
VisualStudioVersion = 17.2.32630.192
MinimumVisualStudioVersion = 10.0.40219.1
Project("{9A19103F-16F7-4668-BE54-9A1E7A4F7556}") = "R5T.L0068.Construction", "R5T.L0068.Construction\R5T.L0068.Construction.csproj", "{7F0C10E0-3489-4451-A9EA-F87986437248}"
EndProject
Project("{9A19103F-16F7-4668-BE54-9A1E7A4F7556}") = "R5T.L0068", "R5T.L0068\R5T.L0068.csproj", "{D3177EAE-D711-4F62-9320-C1D10FF20872}"
EndProject
Project("{2150E333-8FDC-42A3-9474-1A3956D46DE8}") = "_Dependencies", "_Dependencies", "{013E3F63-E473-4344-B9A2-69BA8FE0AD27}"
EndProject
Project("{9A19103F-16F7-4668-BE54-9A1E7A4F7556}") = "R5T.F0000", "..\..\R5T.F0000\source\R5T.F0000\R5T.F0000.csproj", "{8B8F8B9E-BFAF-4AF7-9E97-AC1EAF99C71C}"
EndProject
Project("{9A19103F-16F7-4668-BE54-9A1E7A4F7556}") = "R5T.F0002", "..\..\R5T.F0002\source\R5T.F0002\R5T.F0002.csproj", "{06ED093B-19BA-4229-937D-376E25E8BE8B}"
EndProject
Project("{9A19103F-16F7-4668-BE54-9A1E7A4F7556}") = "R5T.F0016.F001", "..\..\R5T.F0016\source\R5T.F0016.F001\R5T.F0016.F001.csproj", "{7B1A3EBB-923A-4216-BA1A-A3BA2A0E2205}"
EndProject
Project("{9A19103F-16F7-4668-BE54-9A1E7A4F7556}") = "R5T.F0016", "..\..\R5T.F0016\source\R5T.F0016\R5T.F0016.csproj", "{66997E70-C8AF-4EC3-897F-65B3C4755508}"
EndProject
Project("{9A19103F-16F7-4668-BE54-9A1E7A4F7556}") = "R5T.F0020", "..\..\R5T.F0020\source\R5T.F0020\R5T.F0020.csproj", "{6406FFC6-2FE1-4B8F-9470-9C07FE076F93}"
EndProject
Project("{9A19103F-16F7-4668-BE54-9A1E7A4F7556}") = "R5T.F0026", "..\..\R5T.F0026\source\R5T.F0026\R5T.F0026.csproj", "{D16553D4-8281-4B9F-AEB2-48B815741006}"
EndProject
Project("{9A19103F-16F7-4668-BE54-9A1E7A4F7556}") = "R5T.F0027", "..\..\R5T.F0027\source\R5T.F0027\R5T.F0027.csproj", "{123B328D-52AD-404E-BBC8-0C3E26B1AA3C}"
EndProject
Project("{9A19103F-16F7-4668-BE54-9A1E7A4F7556}") = "R5T.F0032", "..\..\R5T.F0032\source\R5T.F0032\R5T.F0032.csproj", "{69F294AD-20F7-42A9-AF92-F4F74DB58CE0}"
EndProject
Project("{9A19103F-16F7-4668-BE54-9A1E7A4F7556}") = "R5T.F0040.F000", "..\..\R5T.F0040\source\R5T.F0040.F000\R5T.F0040.F000.csproj", "{9F0D1BF7-CA0B-4FF6-9C26-C0BB516AAA1F}"
EndProject
Project("{9A19103F-16F7-4668-BE54-9A1E7A4F7556}") = "R5T.F0040", "..\..\R5T.F0040\source\R5T.F0040\R5T.F0040.csproj", "{19E90182-3701-4C2F-9A34-3522BDB65D4D}"
EndProject
Project("{9A19103F-16F7-4668-BE54-9A1E7A4F7556}") = "R5T.F0052", "..\..\R5T.F0052\source\R5T.F0052\R5T.F0052.csproj", "{4002CEF6-4989-4190-9ABB-8855D4E4C788}"
EndProject
Project("{9A19103F-16F7-4668-BE54-9A1E7A4F7556}") = "R5T.F0053", "..\..\R5T.F0053\source\R5T.F0053\R5T.F0053.csproj", "{C1DB5EAA-9D5C-4231-B5FC-9B1DD219BFD1}"
EndProject
Project("{9A19103F-16F7-4668-BE54-9A1E7A4F7556}") = "R5T.F0054", "..\..\R5T.F0054\source\R5T.F0054\R5T.F0054.csproj", "{BCEB8943-56E7-4047-8CCD-F25133BC30AD}"
EndProject
Project("{9A19103F-16F7-4668-BE54-9A1E7A4F7556}") = "R5T.F0059", "..\..\R5T.F0059\source\R5T.F0059\R5T.F0059.csproj", "{605E4458-9D99-42FF-936D-A20ABA0251E2}"
EndProject
Project("{9A19103F-16F7-4668-BE54-9A1E7A4F7556}") = "R5T.F0076", "..\..\R5T.F0076\source\R5T.F0076\R5T.F0076.csproj", "{2C037161-51A8-45A1-A871-B264FEAFB3CC}"
EndProject
Project("{9A19103F-16F7-4668-BE54-9A1E7A4F7556}") = "R5T.F0077", "..\..\R5T.F0077\source\R5T.F0077\R5T.F0077.csproj", "{6D01C1F1-D68F-4DAF-87F7-20D4197078F9}"
EndProject
Project("{9A19103F-16F7-4668-BE54-9A1E7A4F7556}") = "R5T.F0112", "..\..\R5T.F0112\source\R5T.F0112\R5T.F0112.csproj", "{C6DD6D48-DC72-45F1-BF07-C7EB593CBAD8}"
EndProject
Project("{9A19103F-16F7-4668-BE54-9A1E7A4F7556}") = "R5T.F0115", "..\..\R5T.F0115\source\R5T.F0115\R5T.F0115.csproj", "{CC9615A9-58BC-4E96-88FE-86D35279772C}"
EndProject
Project("{9A19103F-16F7-4668-BE54-9A1E7A4F7556}") = "R5T.F0120", "..\..\R5T.F0120\source\R5T.F0120\R5T.F0120.csproj", "{C0F13F60-B8C1-4821-B763-E3AB8D0AC208}"
EndProject
Project("{9A19103F-16F7-4668-BE54-9A1E7A4F7556}") = "R5T.F0124", "..\..\R5T.F0124\source\R5T.F0124\R5T.F0124.csproj", "{1067AF7E-B7A6-4686-B2F2-46D13078A311}"
EndProject
Project("{9A19103F-16F7-4668-BE54-9A1E7A4F7556}") = "R5T.F0125", "..\..\R5T.F0125\source\R5T.F0125\R5T.F0125.csproj", "{AC976069-47F4-4AC0-ACE7-D212B6C48BF0}"
EndProject
Project("{9A19103F-16F7-4668-BE54-9A1E7A4F7556}") = "R5T.F0138", "..\..\R5T.F0138\source\R5T.F0138\R5T.F0138.csproj", "{91B1C481-EB2C-4DB6-8925-F33C6F0450E7}"
EndProject
Project("{9A19103F-16F7-4668-BE54-9A1E7A4F7556}") = "R5T.F0139", "..\..\R5T.F0139\source\R5T.F0139\R5T.F0139.csproj", "{49F40AC2-FB5C-4474-9B39-FAE0FE7A83F3}"
EndProject
Project("{9A19103F-16F7-4668-BE54-9A1E7A4F7556}") = "R5T.F0140", "..\..\R5T.F0140\source\R5T.F0140\R5T.F0140.csproj", "{83CEB032-3016-4755-A66C-EC0B695CB98E}"
EndProject
Project("{9A19103F-16F7-4668-BE54-9A1E7A4F7556}") = "R5T.L0030.T000", "..\..\R5T.L0030\source\R5T.L0030.T000\R5T.L0030.T000.csproj", "{ED221D99-4EBC-4F76-956D-287CB4AD03DB}"
EndProject
Project("{9A19103F-16F7-4668-BE54-9A1E7A4F7556}") = "R5T.L0030", "..\..\R5T.L0030\source\R5T.L0030\R5T.L0030.csproj", "{114C21F6-CBD7-4E4E-A561-37B7F444F187}"
EndProject
Project("{9A19103F-16F7-4668-BE54-9A1E7A4F7556}") = "R5T.L0032.T000", "..\..\R5T.L0032\source\R5T.L0032.T000\R5T.L0032.T000.csproj", "{5C32B9BE-CB4C-40E3-9CDF-AA074F0635F5}"
EndProject
Project("{9A19103F-16F7-4668-BE54-9A1E7A4F7556}") = "R5T.L0032.Y000", "..\..\R5T.L0032\source\R5T.L0032.Y000\R5T.L0032.Y000.csproj", "{9FC86CEA-8201-4556-82C1-C99A4B59DD13}"
EndProject
Project("{9A19103F-16F7-4668-BE54-9A1E7A4F7556}") = "R5T.L0032.Z000", "..\..\R5T.L0032\source\R5T.L0032.Z000\R5T.L0032.Z000.csproj", "{2657E927-3DD7-45F7-A4F1-A489471440CE}"
EndProject
Project("{9A19103F-16F7-4668-BE54-9A1E7A4F7556}") = "R5T.L0032.Z001", "..\..\R5T.L0032\source\R5T.L0032.Z001\R5T.L0032.Z001.csproj", "{04453708-9B16-40A5-A40D-8B21FC4245BE}"
EndProject
Project("{9A19103F-16F7-4668-BE54-9A1E7A4F7556}") = "R5T.L0034", "..\..\R5T.L0034\source\R5T.L0034\R5T.L0034.csproj", "{D654375D-959A-4FD7-BC72-19A1EDA8EC59}"
EndProject
Project("{9A19103F-16F7-4668-BE54-9A1E7A4F7556}") = "R5T.L0035", "..\..\R5T.L0035\source\R5T.L0035\R5T.L0035.csproj", "{6E0D2402-F9B2-4BBE-BFBF-9FC282963E5D}"
EndProject
Project("{9A19103F-16F7-4668-BE54-9A1E7A4F7556}") = "R5T.L0053", "..\..\R5T.L0053\source\R5T.L0053\R5T.L0053.csproj", "{8CD3DF73-8C66-4ACA-A371-21481CEC268B}"
EndProject
Project("{9A19103F-16F7-4668-BE54-9A1E7A4F7556}") = "R5T.L0056", "..\..\R5T.L0056\source\R5T.L0056\R5T.L0056.csproj", "{8BCD5D90-AD0E-4F6C-B2D6-E45FCEE7CDC1}"
EndProject
Project("{9A19103F-16F7-4668-BE54-9A1E7A4F7556}") = "R5T.L0057", "..\..\R5T.L0057\source\R5T.L0057\R5T.L0057.csproj", "{393FB5CC-60E2-4903-8E3E-84AACB9F3A7C}"
EndProject
Project("{9A19103F-16F7-4668-BE54-9A1E7A4F7556}") = "R5T.L0061", "..\..\R5T.L0061\source\R5T.L0061\R5T.L0061.csproj", "{B1E7601E-7C74-4D72-B8D0-3EEE2CC36995}"
EndProject
Project("{9A19103F-16F7-4668-BE54-9A1E7A4F7556}") = "R5T.L0066", "..\..\R5T.L0066\source\R5T.L0066\R5T.L0066.csproj", "{334689AA-0B54-43D5-8152-EE6CD5C87E8F}"
EndProject
Project("{9A19103F-16F7-4668-BE54-9A1E7A4F7556}") = "R5T.L0067", "..\..\R5T.L0067\source\R5T.L0067\R5T.L0067.csproj", "{7E8EDB5E-2B43-4A37-BDE6-E08204CA3C7C}"
EndProject
Project("{9A19103F-16F7-4668-BE54-9A1E7A4F7556}") = "R5T.L0071", "..\..\R5T.L0071\source\R5T.L0071\R5T.L0071.csproj", "{BE764FB9-4FC3-4368-9E95-FDE392B1B456}"
EndProject
Project("{9A19103F-16F7-4668-BE54-9A1E7A4F7556}") = "R5T.L0074", "..\..\R5T.L0074\source\R5T.L0074\R5T.L0074.csproj", "{2A99A1D8-AC53-491F-BFBA-ED743538821B}"
EndProject
Project("{9A19103F-16F7-4668-BE54-9A1E7A4F7556}") = "R5T.L0089.F000", "..\..\R5T.L0089\source\R5T.L0089.F000\R5T.L0089.F000.csproj", "{759D82BC-EE6F-4F9D-9BF5-984C8EAEE5AD}"
EndProject
Project("{9A19103F-16F7-4668-BE54-9A1E7A4F7556}") = "R5T.L0089.T000", "..\..\R5T.L0089\source\R5T.L0089.T000\R5T.L0089.T000.csproj", "{A2DB0E0B-D54F-4BA6-81D3-75FEE3538843}"
EndProject
Project("{9A19103F-16F7-4668-BE54-9A1E7A4F7556}") = "R5T.L0089", "..\..\R5T.L0089\source\R5T.L0089\R5T.L0089.csproj", "{1473CD1A-C81B-4C1A-B28D-FD44FB352A5E}"
EndProject
Project("{9A19103F-16F7-4668-BE54-9A1E7A4F7556}") = "R5T.NG0006", "..\..\R5T.NG0006\source\R5T.NG0006\R5T.NG0006.csproj", "{F733B387-E0E7-4CDE-AD2F-BEBC67FD5363}"
EndProject
Project("{9A19103F-16F7-4668-BE54-9A1E7A4F7556}") = "R5T.NG0008", "..\..\R5T.NG0008\source\R5T.NG0008\R5T.NG0008.csproj", "{78DBD7E3-47E4-426C-B998-8A1133C5A442}"
EndProject
Project("{9A19103F-16F7-4668-BE54-9A1E7A4F7556}") = "R5T.NG0010", "..\..\R5T.NG0010\source\R5T.NG0010\R5T.NG0010.csproj", "{9AC1AF01-93B2-4EAA-A3FB-1935A4B10128}"
EndProject
Project("{9A19103F-16F7-4668-BE54-9A1E7A4F7556}") = "R5T.NG0022", "..\..\R5T.NG0022\source\R5T.NG0022\R5T.NG0022.csproj", "{A334D064-8B19-4041-9227-1F0ED082F809}"
EndProject
Project("{9A19103F-16F7-4668-BE54-9A1E7A4F7556}") = "R5T.T0131", "..\..\R5T.T0131\source\R5T.T0131\R5T.T0131.csproj", "{0E9CDDB9-7176-4CC1-94A3-7C6E8BD8CC51}"
EndProject
Project("{9A19103F-16F7-4668-BE54-9A1E7A4F7556}") = "R5T.T0132", "..\..\R5T.T0132\source\R5T.T0132\R5T.T0132.csproj", "{59AAB396-A07B-43B0-9AFB-E4B7F70A6019}"
EndProject
Project("{9A19103F-16F7-4668-BE54-9A1E7A4F7556}") = "R5T.T0142", "..\..\R5T.T0142\source\R5T.T0142\R5T.T0142.csproj", "{5480AD8B-DD0C-451B-A793-891CBF5F9609}"
EndProject
Project("{9A19103F-16F7-4668-BE54-9A1E7A4F7556}") = "R5T.T0143", "..\..\R5T.T0143\source\R5T.T0143\R5T.T0143.csproj", "{5F23319C-D19F-4B2D-8178-B9A245142934}"
EndProject
Project("{9A19103F-16F7-4668-BE54-9A1E7A4F7556}") = "R5T.T0150", "..\..\R5T.T0150\source\R5T.T0150\R5T.T0150.csproj", "{1951A7CA-76A9-47F2-B72E-04B267CBCD2A}"
EndProject
Project("{9A19103F-16F7-4668-BE54-9A1E7A4F7556}") = "R5T.T0151", "..\..\R5T.T0151\source\R5T.T0151\R5T.T0151.csproj", "{86129A83-DB26-45B9-9843-AA1FED710E00}"
EndProject
Project("{9A19103F-16F7-4668-BE54-9A1E7A4F7556}") = "R5T.T0152", "..\..\R5T.T0152\source\R5T.T0152\R5T.T0152.csproj", "{09A2CB28-795D-4F1F-9E0F-58935B3B976A}"
EndProject
Project("{9A19103F-16F7-4668-BE54-9A1E7A4F7556}") = "R5T.T0156", "..\..\R5T.T0156\source\R5T.T0156\R5T.T0156.csproj", "{8E3FD753-3435-45CC-A6E4-B2C481925E73}"
EndProject
Project("{9A19103F-16F7-4668-BE54-9A1E7A4F7556}") = "R5T.T0158", "..\..\R5T.T0158\source\R5T.T0158\R5T.T0158.csproj", "{FE4B0D44-8C1E-4B6B-9960-1EEE5F7EE871}"
EndProject
Project("{9A19103F-16F7-4668-BE54-9A1E7A4F7556}") = "R5T.T0159", "..\..\R5T.T0159\source\R5T.T0159\R5T.T0159.csproj", "{94565E7F-DD44-4F6E-830A-C91A9D815530}"
EndProject
Project("{9A19103F-16F7-4668-BE54-9A1E7A4F7556}") = "R5T.T0172", "..\..\R5T.T0172\source\R5T.T0172\R5T.T0172.csproj", "{6729F4A9-54F4-4693-95FD-3E494E7C94CB}"
EndProject
Project("{9A19103F-16F7-4668-BE54-9A1E7A4F7556}") = "R5T.T0174", "..\..\R5T.T0174\source\R5T.T0174\R5T.T0174.csproj", "{12480F18-E062-4BFF-B916-77D46C4C4F74}"
EndProject
Project("{9A19103F-16F7-4668-BE54-9A1E7A4F7556}") = "R5T.T0176", "..\..\R5T.T0176\source\R5T.T0176\R5T.T0176.csproj", "{F584D6A1-8F3C-41C1-8A3F-967BC78D8748}"
EndProject
Project("{9A19103F-16F7-4668-BE54-9A1E7A4F7556}") = "R5T.T0177", "..\..\R5T.T0177\source\R5T.T0177\R5T.T0177.csproj", "{6CE85D4A-60DE-4FF3-9DC7-562DEDAE0398}"
EndProject
Project("{9A19103F-16F7-4668-BE54-9A1E7A4F7556}") = "R5T.T0178", "..\..\R5T.T0178\source\R5T.T0178\R5T.T0178.csproj", "{AAA64217-1BF6-4C19-898F-5A3C6CC042FD}"
EndProject
Project("{9A19103F-16F7-4668-BE54-9A1E7A4F7556}") = "R5T.T0179", "..\..\R5T.T0179\source\R5T.T0179\R5T.T0179.csproj", "{22938861-9D26-4D84-9F7C-BC26D84D9966}"
EndProject
Project("{9A19103F-16F7-4668-BE54-9A1E7A4F7556}") = "R5T.T0180", "..\..\R5T.T0180\source\R5T.T0180\R5T.T0180.csproj", "{3F35CF65-AC19-43C4-A1C1-5B81E9EF8DC0}"
EndProject
Project("{9A19103F-16F7-4668-BE54-9A1E7A4F7556}") = "R5T.T0181", "..\..\R5T.T0181\source\R5T.T0181\R5T.T0181.csproj", "{930C0ACA-EB8A-4807-955B-761994174357}"
EndProject
Project("{9A19103F-16F7-4668-BE54-9A1E7A4F7556}") = "R5T.T0185", "..\..\R5T.T0185\source\R5T.T0185\R5T.T0185.csproj", "{85CFE19F-54BA-4646-B7B8-F6B9E90F5013}"
EndProject
Project("{9A19103F-16F7-4668-BE54-9A1E7A4F7556}") = "R5T.T0199.T000", "..\..\R5T.T0199\source\R5T.T0199.T000\R5T.T0199.T000.csproj", "{A3F55096-7128-4F8A-8A69-AFF901A93D1B}"
EndProject
Project("{9A19103F-16F7-4668-BE54-9A1E7A4F7556}") = "R5T.T0199.T001", "..\..\R5T.T0199\source\R5T.T0199.T001\R5T.T0199.T001.csproj", "{37F7B474-C2B3-4FDB-991F-C272087ACEAD}"
EndProject
Project("{9A19103F-16F7-4668-BE54-9A1E7A4F7556}") = "R5T.T0199", "..\..\R5T.T0199\source\R5T.T0199\R5T.T0199.csproj", "{8C95F29B-5B71-4376-8D82-28200CFD27AA}"
EndProject
Project("{9A19103F-16F7-4668-BE54-9A1E7A4F7556}") = "R5T.T0203", "..\..\R5T.T0203\source\R5T.T0203\R5T.T0203.csproj", "{34F82C8E-B479-4780-A1ED-6538099CCDBC}"
EndProject
Project("{9A19103F-16F7-4668-BE54-9A1E7A4F7556}") = "R5T.T0213", "..\..\R5T.T0213\source\R5T.T0213\R5T.T0213.csproj", "{533E9937-2E12-425A-A621-1A6A426440F1}"
EndProject
Project("{9A19103F-16F7-4668-BE54-9A1E7A4F7556}") = "R5T.T0214.Z001", "..\..\R5T.T0214\source\R5T.T0214.Z001\R5T.T0214.Z001.csproj", "{61FE2878-FB8A-463E-AAA3-821C2CA29C4D}"
EndProject
Project("{9A19103F-16F7-4668-BE54-9A1E7A4F7556}") = "R5T.T0214", "..\..\R5T.T0214\source\R5T.T0214\R5T.T0214.csproj", "{E65D3F2C-291D-4E77-BD88-4A3401249C2B}"
EndProject
Project("{9A19103F-16F7-4668-BE54-9A1E7A4F7556}") = "R5T.T0215.Z000", "..\..\R5T.T0215\source\R5T.T0215.Z000\R5T.T0215.Z000.csproj", "{29F0DD54-D204-4276-A9D6-75C2493728D2}"
EndProject
Project("{9A19103F-16F7-4668-BE54-9A1E7A4F7556}") = "R5T.T0215", "..\..\R5T.T0215\source\R5T.T0215\R5T.T0215.csproj", "{1191555C-847E-414D-B881-A23CAEA456D3}"
EndProject
Project("{9A19103F-16F7-4668-BE54-9A1E7A4F7556}") = "R5T.T0216.F001", "..\..\R5T.T0216\source\R5T.T0216.F001\R5T.T0216.F001.csproj", "{26A95CC7-211D-4915-92EA-93F19888751A}"
EndProject
Project("{9A19103F-16F7-4668-BE54-9A1E7A4F7556}") = "R5T.T0216", "..\..\R5T.T0216\source\R5T.T0216\R5T.T0216.csproj", "{B658BDE0-AEAD-4EE7-9727-7A869FDFE031}"
EndProject
Project("{9A19103F-16F7-4668-BE54-9A1E7A4F7556}") = "R5T.T0217.F001", "..\..\R5T.T0217\source\R5T.T0217.F001\R5T.T0217.F001.csproj", "{BCD5AC9D-45A5-4FD5-AEFE-333E1550D852}"
EndProject
Project("{9A19103F-16F7-4668-BE54-9A1E7A4F7556}") = "R5T.T0217", "..\..\R5T.T0217\source\R5T.T0217\R5T.T0217.csproj", "{77B1CD61-F3C7-4BAD-81A6-3DA41D8DB793}"
EndProject
Project("{9A19103F-16F7-4668-BE54-9A1E7A4F7556}") = "R5T.T0218", "..\..\R5T.T0218\source\R5T.T0218\R5T.T0218.csproj", "{EF67FE09-D8C5-4F1E-ABE3-33DC6F11FEB2}"
EndProject
Project("{9A19103F-16F7-4668-BE54-9A1E7A4F7556}") = "R5T.T0219", "..\..\R5T.T0219\source\R5T.T0219\R5T.T0219.csproj", "{32DEF56B-B14F-48AC-B4AA-CDA7888A9679}"
EndProject
Project("{9A19103F-16F7-4668-BE54-9A1E7A4F7556}") = "R5T.T0220", "..\..\R5T.T0220\source\R5T.T0220\R5T.T0220.csproj", "{9D1BA859-B7B6-42F4-8718-914034513F45}"
EndProject
Project("{9A19103F-16F7-4668-BE54-9A1E7A4F7556}") = "R5T.T0221", "..\..\R5T.T0221\source\R5T.T0221\R5T.T0221.csproj", "{D28F9C33-4CF2-4C33-80B0-8A9FB3301A29}"
EndProject
Project("{9A19103F-16F7-4668-BE54-9A1E7A4F7556}") = "R5T.T0227", "..\..\R5T.T0227\source\R5T.T0227\R5T.T0227.csproj", "{8D612DB2-FB12-407F-9DFE-F3D5324746D6}"
EndProject
Project("{9A19103F-16F7-4668-BE54-9A1E7A4F7556}") = "R5T.T0241", "..\..\R5T.T0241\source\R5T.T0241\R5T.T0241.csproj", "{4FFC3947-F205-474F-AFFE-F9FE1307E8E1}"
EndProject
Project("{9A19103F-16F7-4668-BE54-9A1E7A4F7556}") = "R5T.T0252", "..\..\R5T.T0252\source\R5T.T0252\R5T.T0252.csproj", "{8748608F-A75A-49FD-AA86-46AB5C07BA47}"
EndProject
Project("{9A19103F-16F7-4668-BE54-9A1E7A4F7556}") = "R5T.Y0000", "..\..\R5T.Y0000\source\R5T.Y0000\R5T.Y0000.csproj", "{252FD8D3-F344-469B-8BAA-4BC932C31C76}"
EndProject
Project("{9A19103F-16F7-4668-BE54-9A1E7A4F7556}") = "R5T.Y0006", "..\..\R5T.Y0006\source\R5T.Y0006\R5T.Y0006.csproj", "{9F520383-D48C-40E1-9D90-178A1F6C56D2}"
EndProject
Project("{9A19103F-16F7-4668-BE54-9A1E7A4F7556}") = "R5T.Z0000", "..\..\R5T.Z0000\source\R5T.Z0000\R5T.Z0000.csproj", "{D5F8A9C3-8023-4073-B251-5A460A5D4D47}"
EndProject
Project("{9A19103F-16F7-4668-BE54-9A1E7A4F7556}") = "R5T.Z0011", "..\..\R5T.Z0011\source\R5T.Z0011\R5T.Z0011.csproj", "{63ED836C-4511-48F4-90FE-F5AA0417A4E0}"
EndProject
Project("{9A19103F-16F7-4668-BE54-9A1E7A4F7556}") = "R5T.Z0012", "..\..\R5T.Z0012\source\R5T.Z0012\R5T.Z0012.csproj", "{5DF8598D-368B-48C0-9430-F68F04D2E79A}"
EndProject
Project("{9A19103F-16F7-4668-BE54-9A1E7A4F7556}") = "R5T.Z0044.Z000", "..\..\R5T.Z0044\source\R5T.Z0044.Z000\R5T.Z0044.Z000.csproj", "{4AB6DA9A-6642-46FD-8320-51057CAC8A35}"
EndProject
Project("{9A19103F-16F7-4668-BE54-9A1E7A4F7556}") = "R5T.Z0057.Platform", "..\..\R5T.Z0057\source\R5T.Z0057.Platform\R5T.Z0057.Platform.csproj", "{693C51CA-FA61-4FC6-992D-9F62F4BE99C8}"
EndProject
Project("{9A19103F-16F7-4668-BE54-9A1E7A4F7556}") = "R5T.Z0057", "..\..\R5T.Z0057\source\R5T.Z0057\R5T.Z0057.csproj", "{6EE89C1F-79B4-4012-80AC-6BD50F582B62}"
EndProject
Project("{9A19103F-16F7-4668-BE54-9A1E7A4F7556}") = "R5T.Z0058", "..\..\R5T.Z0058\source\R5T.Z0058\R5T.Z0058.csproj", "{E427B36E-9090-40C6-92CD-3BF57AAF113D}"
EndProject
Project("{9A19103F-16F7-4668-BE54-9A1E7A4F7556}") = "R5T.Z0070.Z000", "..\..\R5T.Z0070\source\R5T.Z0070.Z000\R5T.Z0070.Z000.csproj", "{F20F61FF-D9CE-4A7E-B147-78E14F2C075A}"
EndProject
Project("{9A19103F-16F7-4668-BE54-9A1E7A4F7556}") = "R5T.Z0071.Z000", "..\..\R5T.Z0071\source\R5T.Z0071.Z000\R5T.Z0071.Z000.csproj", "{065839A9-917E-4167-AA5B-D9C42A7F8B60}"
EndProject
Project("{9A19103F-16F7-4668-BE54-9A1E7A4F7556}") = "R5T.Z0071.Z002", "..\..\R5T.Z0071\source\R5T.Z0071.Z002\R5T.Z0071.Z002.csproj", "{0A353EE1-48A0-4A9B-9D5F-5D178DE9FBC8}"
EndProject
Project("{9A19103F-16F7-4668-BE54-9A1E7A4F7556}") = "R5T.Z0072.Z000", "..\..\R5T.Z0072\source\R5T.Z0072.Z000\R5T.Z0072.Z000.csproj", "{383C6778-A467-4A51-9F47-B19EF000A9E5}"
EndProject
Project("{9A19103F-16F7-4668-BE54-9A1E7A4F7556}") = "R5T.Z0072.Z001", "..\..\R5T.Z0072\source\R5T.Z0072.Z001\R5T.Z0072.Z001.csproj", "{EC108A07-C223-4FD2-AA8B-AD7CBF2BA0D5}"
EndProject
Project("{9A19103F-16F7-4668-BE54-9A1E7A4F7556}") = "R5T.Z0072.Z002", "..\..\R5T.Z0072\source\R5T.Z0072.Z002\R5T.Z0072.Z002.csproj", "{48C9544D-5491-482E-8BDF-5172B7FD343A}"
EndProject
Project("{9A19103F-16F7-4668-BE54-9A1E7A4F7556}") = "R5T.Z0072.Z004", "..\..\R5T.Z0072\source\R5T.Z0072.Z004\R5T.Z0072.Z004.csproj", "{19F0ED39-95E0-465F-A71C-3098F8A5337E}"
EndProject
Project("{9A19103F-16F7-4668-BE54-9A1E7A4F7556}") = "R5T.Z0073.Z000", "..\..\R5T.Z0073\source\R5T.Z0073.Z000\R5T.Z0073.Z000.csproj", "{200DDD9C-3A37-41D0-8AF1-299517CD992A}"
EndProject
Global
	GlobalSection(NestedProjects) = preSolution
		{8B8F8B9E-BFAF-4AF7-9E97-AC1EAF99C71C} = {013E3F63-E473-4344-B9A2-69BA8FE0AD27}
		{06ED093B-19BA-4229-937D-376E25E8BE8B} = {013E3F63-E473-4344-B9A2-69BA8FE0AD27}
		{7B1A3EBB-923A-4216-BA1A-A3BA2A0E2205} = {013E3F63-E473-4344-B9A2-69BA8FE0AD27}
		{66997E70-C8AF-4EC3-897F-65B3C4755508} = {013E3F63-E473-4344-B9A2-69BA8FE0AD27}
		{6406FFC6-2FE1-4B8F-9470-9C07FE076F93} = {013E3F63-E473-4344-B9A2-69BA8FE0AD27}
		{D16553D4-8281-4B9F-AEB2-48B815741006} = {013E3F63-E473-4344-B9A2-69BA8FE0AD27}
		{123B328D-52AD-404E-BBC8-0C3E26B1AA3C} = {013E3F63-E473-4344-B9A2-69BA8FE0AD27}
		{69F294AD-20F7-42A9-AF92-F4F74DB58CE0} = {013E3F63-E473-4344-B9A2-69BA8FE0AD27}
		{9F0D1BF7-CA0B-4FF6-9C26-C0BB516AAA1F} = {013E3F63-E473-4344-B9A2-69BA8FE0AD27}
		{19E90182-3701-4C2F-9A34-3522BDB65D4D} = {013E3F63-E473-4344-B9A2-69BA8FE0AD27}
		{4002CEF6-4989-4190-9ABB-8855D4E4C788} = {013E3F63-E473-4344-B9A2-69BA8FE0AD27}
		{C1DB5EAA-9D5C-4231-B5FC-9B1DD219BFD1} = {013E3F63-E473-4344-B9A2-69BA8FE0AD27}
		{BCEB8943-56E7-4047-8CCD-F25133BC30AD} = {013E3F63-E473-4344-B9A2-69BA8FE0AD27}
		{605E4458-9D99-42FF-936D-A20ABA0251E2} = {013E3F63-E473-4344-B9A2-69BA8FE0AD27}
		{2C037161-51A8-45A1-A871-B264FEAFB3CC} = {013E3F63-E473-4344-B9A2-69BA8FE0AD27}
		{6D01C1F1-D68F-4DAF-87F7-20D4197078F9} = {013E3F63-E473-4344-B9A2-69BA8FE0AD27}
		{C6DD6D48-DC72-45F1-BF07-C7EB593CBAD8} = {013E3F63-E473-4344-B9A2-69BA8FE0AD27}
		{CC9615A9-58BC-4E96-88FE-86D35279772C} = {013E3F63-E473-4344-B9A2-69BA8FE0AD27}
		{C0F13F60-B8C1-4821-B763-E3AB8D0AC208} = {013E3F63-E473-4344-B9A2-69BA8FE0AD27}
		{1067AF7E-B7A6-4686-B2F2-46D13078A311} = {013E3F63-E473-4344-B9A2-69BA8FE0AD27}
		{AC976069-47F4-4AC0-ACE7-D212B6C48BF0} = {013E3F63-E473-4344-B9A2-69BA8FE0AD27}
		{91B1C481-EB2C-4DB6-8925-F33C6F0450E7} = {013E3F63-E473-4344-B9A2-69BA8FE0AD27}
		{49F40AC2-FB5C-4474-9B39-FAE0FE7A83F3} = {013E3F63-E473-4344-B9A2-69BA8FE0AD27}
		{83CEB032-3016-4755-A66C-EC0B695CB98E} = {013E3F63-E473-4344-B9A2-69BA8FE0AD27}
		{ED221D99-4EBC-4F76-956D-287CB4AD03DB} = {013E3F63-E473-4344-B9A2-69BA8FE0AD27}
		{114C21F6-CBD7-4E4E-A561-37B7F444F187} = {013E3F63-E473-4344-B9A2-69BA8FE0AD27}
		{5C32B9BE-CB4C-40E3-9CDF-AA074F0635F5} = {013E3F63-E473-4344-B9A2-69BA8FE0AD27}
		{9FC86CEA-8201-4556-82C1-C99A4B59DD13} = {013E3F63-E473-4344-B9A2-69BA8FE0AD27}
		{2657E927-3DD7-45F7-A4F1-A489471440CE} = {013E3F63-E473-4344-B9A2-69BA8FE0AD27}
		{04453708-9B16-40A5-A40D-8B21FC4245BE} = {013E3F63-E473-4344-B9A2-69BA8FE0AD27}
		{D654375D-959A-4FD7-BC72-19A1EDA8EC59} = {013E3F63-E473-4344-B9A2-69BA8FE0AD27}
		{6E0D2402-F9B2-4BBE-BFBF-9FC282963E5D} = {013E3F63-E473-4344-B9A2-69BA8FE0AD27}
		{8CD3DF73-8C66-4ACA-A371-21481CEC268B} = {013E3F63-E473-4344-B9A2-69BA8FE0AD27}
		{8BCD5D90-AD0E-4F6C-B2D6-E45FCEE7CDC1} = {013E3F63-E473-4344-B9A2-69BA8FE0AD27}
		{393FB5CC-60E2-4903-8E3E-84AACB9F3A7C} = {013E3F63-E473-4344-B9A2-69BA8FE0AD27}
		{B1E7601E-7C74-4D72-B8D0-3EEE2CC36995} = {013E3F63-E473-4344-B9A2-69BA8FE0AD27}
		{334689AA-0B54-43D5-8152-EE6CD5C87E8F} = {013E3F63-E473-4344-B9A2-69BA8FE0AD27}
		{7E8EDB5E-2B43-4A37-BDE6-E08204CA3C7C} = {013E3F63-E473-4344-B9A2-69BA8FE0AD27}
		{BE764FB9-4FC3-4368-9E95-FDE392B1B456} = {013E3F63-E473-4344-B9A2-69BA8FE0AD27}
		{2A99A1D8-AC53-491F-BFBA-ED743538821B} = {013E3F63-E473-4344-B9A2-69BA8FE0AD27}
		{759D82BC-EE6F-4F9D-9BF5-984C8EAEE5AD} = {013E3F63-E473-4344-B9A2-69BA8FE0AD27}
		{A2DB0E0B-D54F-4BA6-81D3-75FEE3538843} = {013E3F63-E473-4344-B9A2-69BA8FE0AD27}
		{1473CD1A-C81B-4C1A-B28D-FD44FB352A5E} = {013E3F63-E473-4344-B9A2-69BA8FE0AD27}
		{F733B387-E0E7-4CDE-AD2F-BEBC67FD5363} = {013E3F63-E473-4344-B9A2-69BA8FE0AD27}
		{78DBD7E3-47E4-426C-B998-8A1133C5A442} = {013E3F63-E473-4344-B9A2-69BA8FE0AD27}
		{9AC1AF01-93B2-4EAA-A3FB-1935A4B10128} = {013E3F63-E473-4344-B9A2-69BA8FE0AD27}
		{A334D064-8B19-4041-9227-1F0ED082F809} = {013E3F63-E473-4344-B9A2-69BA8FE0AD27}
		{0E9CDDB9-7176-4CC1-94A3-7C6E8BD8CC51} = {013E3F63-E473-4344-B9A2-69BA8FE0AD27}
		{59AAB396-A07B-43B0-9AFB-E4B7F70A6019} = {013E3F63-E473-4344-B9A2-69BA8FE0AD27}
		{5480AD8B-DD0C-451B-A793-891CBF5F9609} = {013E3F63-E473-4344-B9A2-69BA8FE0AD27}
		{5F23319C-D19F-4B2D-8178-B9A245142934} = {013E3F63-E473-4344-B9A2-69BA8FE0AD27}
		{1951A7CA-76A9-47F2-B72E-04B267CBCD2A} = {013E3F63-E473-4344-B9A2-69BA8FE0AD27}
		{86129A83-DB26-45B9-9843-AA1FED710E00} = {013E3F63-E473-4344-B9A2-69BA8FE0AD27}
		{09A2CB28-795D-4F1F-9E0F-58935B3B976A} = {013E3F63-E473-4344-B9A2-69BA8FE0AD27}
		{8E3FD753-3435-45CC-A6E4-B2C481925E73} = {013E3F63-E473-4344-B9A2-69BA8FE0AD27}
		{FE4B0D44-8C1E-4B6B-9960-1EEE5F7EE871} = {013E3F63-E473-4344-B9A2-69BA8FE0AD27}
		{94565E7F-DD44-4F6E-830A-C91A9D815530} = {013E3F63-E473-4344-B9A2-69BA8FE0AD27}
		{6729F4A9-54F4-4693-95FD-3E494E7C94CB} = {013E3F63-E473-4344-B9A2-69BA8FE0AD27}
		{12480F18-E062-4BFF-B916-77D46C4C4F74} = {013E3F63-E473-4344-B9A2-69BA8FE0AD27}
		{F584D6A1-8F3C-41C1-8A3F-967BC78D8748} = {013E3F63-E473-4344-B9A2-69BA8FE0AD27}
		{6CE85D4A-60DE-4FF3-9DC7-562DEDAE0398} = {013E3F63-E473-4344-B9A2-69BA8FE0AD27}
		{AAA64217-1BF6-4C19-898F-5A3C6CC042FD} = {013E3F63-E473-4344-B9A2-69BA8FE0AD27}
		{22938861-9D26-4D84-9F7C-BC26D84D9966} = {013E3F63-E473-4344-B9A2-69BA8FE0AD27}
		{3F35CF65-AC19-43C4-A1C1-5B81E9EF8DC0} = {013E3F63-E473-4344-B9A2-69BA8FE0AD27}
		{930C0ACA-EB8A-4807-955B-761994174357} = {013E3F63-E473-4344-B9A2-69BA8FE0AD27}
		{85CFE19F-54BA-4646-B7B8-F6B9E90F5013} = {013E3F63-E473-4344-B9A2-69BA8FE0AD27}
		{A3F55096-7128-4F8A-8A69-AFF901A93D1B} = {013E3F63-E473-4344-B9A2-69BA8FE0AD27}
		{37F7B474-C2B3-4FDB-991F-C272087ACEAD} = {013E3F63-E473-4344-B9A2-69BA8FE0AD27}
		{8C95F29B-5B71-4376-8D82-28200CFD27AA} = {013E3F63-E473-4344-B9A2-69BA8FE0AD27}
		{34F82C8E-B479-4780-A1ED-6538099CCDBC} = {013E3F63-E473-4344-B9A2-69BA8FE0AD27}
		{533E9937-2E12-425A-A621-1A6A426440F1} = {013E3F63-E473-4344-B9A2-69BA8FE0AD27}
		{61FE2878-FB8A-463E-AAA3-821C2CA29C4D} = {013E3F63-E473-4344-B9A2-69BA8FE0AD27}
		{E65D3F2C-291D-4E77-BD88-4A3401249C2B} = {013E3F63-E473-4344-B9A2-69BA8FE0AD27}
		{29F0DD54-D204-4276-A9D6-75C2493728D2} = {013E3F63-E473-4344-B9A2-69BA8FE0AD27}
		{1191555C-847E-414D-B881-A23CAEA456D3} = {013E3F63-E473-4344-B9A2-69BA8FE0AD27}
		{26A95CC7-211D-4915-92EA-93F19888751A} = {013E3F63-E473-4344-B9A2-69BA8FE0AD27}
		{B658BDE0-AEAD-4EE7-9727-7A869FDFE031} = {013E3F63-E473-4344-B9A2-69BA8FE0AD27}
		{BCD5AC9D-45A5-4FD5-AEFE-333E1550D852} = {013E3F63-E473-4344-B9A2-69BA8FE0AD27}
		{77B1CD61-F3C7-4BAD-81A6-3DA41D8DB793} = {013E3F63-E473-4344-B9A2-69BA8FE0AD27}
		{EF67FE09-D8C5-4F1E-ABE3-33DC6F11FEB2} = {013E3F63-E473-4344-B9A2-69BA8FE0AD27}
		{32DEF56B-B14F-48AC-B4AA-CDA7888A9679} = {013E3F63-E473-4344-B9A2-69BA8FE0AD27}
		{9D1BA859-B7B6-42F4-8718-914034513F45} = {013E3F63-E473-4344-B9A2-69BA8FE0AD27}
		{D28F9C33-4CF2-4C33-80B0-8A9FB3301A29} = {013E3F63-E473-4344-B9A2-69BA8FE0AD27}
		{8D612DB2-FB12-407F-9DFE-F3D5324746D6} = {013E3F63-E473-4344-B9A2-69BA8FE0AD27}
		{4FFC3947-F205-474F-AFFE-F9FE1307E8E1} = {013E3F63-E473-4344-B9A2-69BA8FE0AD27}
		{8748608F-A75A-49FD-AA86-46AB5C07BA47} = {013E3F63-E473-4344-B9A2-69BA8FE0AD27}
		{252FD8D3-F344-469B-8BAA-4BC932C31C76} = {013E3F63-E473-4344-B9A2-69BA8FE0AD27}
		{9F520383-D48C-40E1-9D90-178A1F6C56D2} = {013E3F63-E473-4344-B9A2-69BA8FE0AD27}
		{D5F8A9C3-8023-4073-B251-5A460A5D4D47} = {013E3F63-E473-4344-B9A2-69BA8FE0AD27}
		{63ED836C-4511-48F4-90FE-F5AA0417A4E0} = {013E3F63-E473-4344-B9A2-69BA8FE0AD27}
		{5DF8598D-368B-48C0-9430-F68F04D2E79A} = {013E3F63-E473-4344-B9A2-69BA8FE0AD27}
		{4AB6DA9A-6642-46FD-8320-51057CAC8A35} = {013E3F63-E473-4344-B9A2-69BA8FE0AD27}
		{693C51CA-FA61-4FC6-992D-9F62F4BE99C8} = {013E3F63-E473-4344-B9A2-69BA8FE0AD27}
		{6EE89C1F-79B4-4012-80AC-6BD50F582B62} = {013E3F63-E473-4344-B9A2-69BA8FE0AD27}
		{E427B36E-9090-40C6-92CD-3BF57AAF113D} = {013E3F63-E473-4344-B9A2-69BA8FE0AD27}
		{F20F61FF-D9CE-4A7E-B147-78E14F2C075A} = {013E3F63-E473-4344-B9A2-69BA8FE0AD27}
		{065839A9-917E-4167-AA5B-D9C42A7F8B60} = {013E3F63-E473-4344-B9A2-69BA8FE0AD27}
		{0A353EE1-48A0-4A9B-9D5F-5D178DE9FBC8} = {013E3F63-E473-4344-B9A2-69BA8FE0AD27}
		{383C6778-A467-4A51-9F47-B19EF000A9E5} = {013E3F63-E473-4344-B9A2-69BA8FE0AD27}
		{EC108A07-C223-4FD2-AA8B-AD7CBF2BA0D5} = {013E3F63-E473-4344-B9A2-69BA8FE0AD27}
		{48C9544D-5491-482E-8BDF-5172B7FD343A} = {013E3F63-E473-4344-B9A2-69BA8FE0AD27}
		{19F0ED39-95E0-465F-A71C-3098F8A5337E} = {013E3F63-E473-4344-B9A2-69BA8FE0AD27}
		{200DDD9C-3A37-41D0-8AF1-299517CD992A} = {013E3F63-E473-4344-B9A2-69BA8FE0AD27}
	EndGlobalSection
	GlobalSection(SolutionConfigurationPlatforms) = preSolution
		Debug|Any CPU = Debug|Any CPU
		Release|Any CPU = Release|Any CPU
	EndGlobalSection
	GlobalSection(ProjectConfigurationPlatforms) = postSolution
		{7F0C10E0-3489-4451-A9EA-F87986437248}.Debug|Any CPU.ActiveCfg = Debug|Any CPU
		{7F0C10E0-3489-4451-A9EA-F87986437248}.Debug|Any CPU.Build.0 = Debug|Any CPU
		{7F0C10E0-3489-4451-A9EA-F87986437248}.Release|Any CPU.ActiveCfg = Release|Any CPU
		{7F0C10E0-3489-4451-A9EA-F87986437248}.Release|Any CPU.Build.0 = Release|Any CPU
		{D3177EAE-D711-4F62-9320-C1D10FF20872}.Debug|Any CPU.ActiveCfg = Debug|Any CPU
		{D3177EAE-D711-4F62-9320-C1D10FF20872}.Debug|Any CPU.Build.0 = Debug|Any CPU
		{D3177EAE-D711-4F62-9320-C1D10FF20872}.Release|Any CPU.ActiveCfg = Release|Any CPU
		{D3177EAE-D711-4F62-9320-C1D10FF20872}.Release|Any CPU.Build.0 = Release|Any CPU
		{8B8F8B9E-BFAF-4AF7-9E97-AC1EAF99C71C}.Debug|Any CPU.ActiveCfg = Debug|Any CPU
		{8B8F8B9E-BFAF-4AF7-9E97-AC1EAF99C71C}.Debug|Any CPU.Build.0 = Debug|Any CPU
		{8B8F8B9E-BFAF-4AF7-9E97-AC1EAF99C71C}.Release|Any CPU.ActiveCfg = Release|Any CPU
		{8B8F8B9E-BFAF-4AF7-9E97-AC1EAF99C71C}.Release|Any CPU.Build.0 = Release|Any CPU
		{06ED093B-19BA-4229-937D-376E25E8BE8B}.Debug|Any CPU.ActiveCfg = Debug|Any CPU
		{06ED093B-19BA-4229-937D-376E25E8BE8B}.Debug|Any CPU.Build.0 = Debug|Any CPU
		{06ED093B-19BA-4229-937D-376E25E8BE8B}.Release|Any CPU.ActiveCfg = Release|Any CPU
		{06ED093B-19BA-4229-937D-376E25E8BE8B}.Release|Any CPU.Build.0 = Release|Any CPU
		{7B1A3EBB-923A-4216-BA1A-A3BA2A0E2205}.Debug|Any CPU.ActiveCfg = Debug|Any CPU
		{7B1A3EBB-923A-4216-BA1A-A3BA2A0E2205}.Debug|Any CPU.Build.0 = Debug|Any CPU
		{7B1A3EBB-923A-4216-BA1A-A3BA2A0E2205}.Release|Any CPU.ActiveCfg = Release|Any CPU
		{7B1A3EBB-923A-4216-BA1A-A3BA2A0E2205}.Release|Any CPU.Build.0 = Release|Any CPU
		{66997E70-C8AF-4EC3-897F-65B3C4755508}.Debug|Any CPU.ActiveCfg = Debug|Any CPU
		{66997E70-C8AF-4EC3-897F-65B3C4755508}.Debug|Any CPU.Build.0 = Debug|Any CPU
		{66997E70-C8AF-4EC3-897F-65B3C4755508}.Release|Any CPU.ActiveCfg = Release|Any CPU
		{66997E70-C8AF-4EC3-897F-65B3C4755508}.Release|Any CPU.Build.0 = Release|Any CPU
		{6406FFC6-2FE1-4B8F-9470-9C07FE076F93}.Debug|Any CPU.ActiveCfg = Debug|Any CPU
		{6406FFC6-2FE1-4B8F-9470-9C07FE076F93}.Debug|Any CPU.Build.0 = Debug|Any CPU
		{6406FFC6-2FE1-4B8F-9470-9C07FE076F93}.Release|Any CPU.ActiveCfg = Release|Any CPU
		{6406FFC6-2FE1-4B8F-9470-9C07FE076F93}.Release|Any CPU.Build.0 = Release|Any CPU
		{D16553D4-8281-4B9F-AEB2-48B815741006}.Debug|Any CPU.ActiveCfg = Debug|Any CPU
		{D16553D4-8281-4B9F-AEB2-48B815741006}.Debug|Any CPU.Build.0 = Debug|Any CPU
		{D16553D4-8281-4B9F-AEB2-48B815741006}.Release|Any CPU.ActiveCfg = Release|Any CPU
		{D16553D4-8281-4B9F-AEB2-48B815741006}.Release|Any CPU.Build.0 = Release|Any CPU
		{123B328D-52AD-404E-BBC8-0C3E26B1AA3C}.Debug|Any CPU.ActiveCfg = Debug|Any CPU
		{123B328D-52AD-404E-BBC8-0C3E26B1AA3C}.Debug|Any CPU.Build.0 = Debug|Any CPU
		{123B328D-52AD-404E-BBC8-0C3E26B1AA3C}.Release|Any CPU.ActiveCfg = Release|Any CPU
		{123B328D-52AD-404E-BBC8-0C3E26B1AA3C}.Release|Any CPU.Build.0 = Release|Any CPU
		{69F294AD-20F7-42A9-AF92-F4F74DB58CE0}.Debug|Any CPU.ActiveCfg = Debug|Any CPU
		{69F294AD-20F7-42A9-AF92-F4F74DB58CE0}.Debug|Any CPU.Build.0 = Debug|Any CPU
		{69F294AD-20F7-42A9-AF92-F4F74DB58CE0}.Release|Any CPU.ActiveCfg = Release|Any CPU
		{69F294AD-20F7-42A9-AF92-F4F74DB58CE0}.Release|Any CPU.Build.0 = Release|Any CPU
		{9F0D1BF7-CA0B-4FF6-9C26-C0BB516AAA1F}.Debug|Any CPU.ActiveCfg = Debug|Any CPU
		{9F0D1BF7-CA0B-4FF6-9C26-C0BB516AAA1F}.Debug|Any CPU.Build.0 = Debug|Any CPU
		{9F0D1BF7-CA0B-4FF6-9C26-C0BB516AAA1F}.Release|Any CPU.ActiveCfg = Release|Any CPU
		{9F0D1BF7-CA0B-4FF6-9C26-C0BB516AAA1F}.Release|Any CPU.Build.0 = Release|Any CPU
		{19E90182-3701-4C2F-9A34-3522BDB65D4D}.Debug|Any CPU.ActiveCfg = Debug|Any CPU
		{19E90182-3701-4C2F-9A34-3522BDB65D4D}.Debug|Any CPU.Build.0 = Debug|Any CPU
		{19E90182-3701-4C2F-9A34-3522BDB65D4D}.Release|Any CPU.ActiveCfg = Release|Any CPU
		{19E90182-3701-4C2F-9A34-3522BDB65D4D}.Release|Any CPU.Build.0 = Release|Any CPU
		{4002CEF6-4989-4190-9ABB-8855D4E4C788}.Debug|Any CPU.ActiveCfg = Debug|Any CPU
		{4002CEF6-4989-4190-9ABB-8855D4E4C788}.Debug|Any CPU.Build.0 = Debug|Any CPU
		{4002CEF6-4989-4190-9ABB-8855D4E4C788}.Release|Any CPU.ActiveCfg = Release|Any CPU
		{4002CEF6-4989-4190-9ABB-8855D4E4C788}.Release|Any CPU.Build.0 = Release|Any CPU
		{C1DB5EAA-9D5C-4231-B5FC-9B1DD219BFD1}.Debug|Any CPU.ActiveCfg = Debug|Any CPU
		{C1DB5EAA-9D5C-4231-B5FC-9B1DD219BFD1}.Debug|Any CPU.Build.0 = Debug|Any CPU
		{C1DB5EAA-9D5C-4231-B5FC-9B1DD219BFD1}.Release|Any CPU.ActiveCfg = Release|Any CPU
		{C1DB5EAA-9D5C-4231-B5FC-9B1DD219BFD1}.Release|Any CPU.Build.0 = Release|Any CPU
		{BCEB8943-56E7-4047-8CCD-F25133BC30AD}.Debug|Any CPU.ActiveCfg = Debug|Any CPU
		{BCEB8943-56E7-4047-8CCD-F25133BC30AD}.Debug|Any CPU.Build.0 = Debug|Any CPU
		{BCEB8943-56E7-4047-8CCD-F25133BC30AD}.Release|Any CPU.ActiveCfg = Release|Any CPU
		{BCEB8943-56E7-4047-8CCD-F25133BC30AD}.Release|Any CPU.Build.0 = Release|Any CPU
		{605E4458-9D99-42FF-936D-A20ABA0251E2}.Debug|Any CPU.ActiveCfg = Debug|Any CPU
		{605E4458-9D99-42FF-936D-A20ABA0251E2}.Debug|Any CPU.Build.0 = Debug|Any CPU
		{605E4458-9D99-42FF-936D-A20ABA0251E2}.Release|Any CPU.ActiveCfg = Release|Any CPU
		{605E4458-9D99-42FF-936D-A20ABA0251E2}.Release|Any CPU.Build.0 = Release|Any CPU
		{2C037161-51A8-45A1-A871-B264FEAFB3CC}.Debug|Any CPU.ActiveCfg = Debug|Any CPU
		{2C037161-51A8-45A1-A871-B264FEAFB3CC}.Debug|Any CPU.Build.0 = Debug|Any CPU
		{2C037161-51A8-45A1-A871-B264FEAFB3CC}.Release|Any CPU.ActiveCfg = Release|Any CPU
		{2C037161-51A8-45A1-A871-B264FEAFB3CC}.Release|Any CPU.Build.0 = Release|Any CPU
		{6D01C1F1-D68F-4DAF-87F7-20D4197078F9}.Debug|Any CPU.ActiveCfg = Debug|Any CPU
		{6D01C1F1-D68F-4DAF-87F7-20D4197078F9}.Debug|Any CPU.Build.0 = Debug|Any CPU
		{6D01C1F1-D68F-4DAF-87F7-20D4197078F9}.Release|Any CPU.ActiveCfg = Release|Any CPU
		{6D01C1F1-D68F-4DAF-87F7-20D4197078F9}.Release|Any CPU.Build.0 = Release|Any CPU
		{C6DD6D48-DC72-45F1-BF07-C7EB593CBAD8}.Debug|Any CPU.ActiveCfg = Debug|Any CPU
		{C6DD6D48-DC72-45F1-BF07-C7EB593CBAD8}.Debug|Any CPU.Build.0 = Debug|Any CPU
		{C6DD6D48-DC72-45F1-BF07-C7EB593CBAD8}.Release|Any CPU.ActiveCfg = Release|Any CPU
		{C6DD6D48-DC72-45F1-BF07-C7EB593CBAD8}.Release|Any CPU.Build.0 = Release|Any CPU
		{CC9615A9-58BC-4E96-88FE-86D35279772C}.Debug|Any CPU.ActiveCfg = Debug|Any CPU
		{CC9615A9-58BC-4E96-88FE-86D35279772C}.Debug|Any CPU.Build.0 = Debug|Any CPU
		{CC9615A9-58BC-4E96-88FE-86D35279772C}.Release|Any CPU.ActiveCfg = Release|Any CPU
		{CC9615A9-58BC-4E96-88FE-86D35279772C}.Release|Any CPU.Build.0 = Release|Any CPU
		{C0F13F60-B8C1-4821-B763-E3AB8D0AC208}.Debug|Any CPU.ActiveCfg = Debug|Any CPU
		{C0F13F60-B8C1-4821-B763-E3AB8D0AC208}.Debug|Any CPU.Build.0 = Debug|Any CPU
		{C0F13F60-B8C1-4821-B763-E3AB8D0AC208}.Release|Any CPU.ActiveCfg = Release|Any CPU
		{C0F13F60-B8C1-4821-B763-E3AB8D0AC208}.Release|Any CPU.Build.0 = Release|Any CPU
		{1067AF7E-B7A6-4686-B2F2-46D13078A311}.Debug|Any CPU.ActiveCfg = Debug|Any CPU
		{1067AF7E-B7A6-4686-B2F2-46D13078A311}.Debug|Any CPU.Build.0 = Debug|Any CPU
		{1067AF7E-B7A6-4686-B2F2-46D13078A311}.Release|Any CPU.ActiveCfg = Release|Any CPU
		{1067AF7E-B7A6-4686-B2F2-46D13078A311}.Release|Any CPU.Build.0 = Release|Any CPU
		{AC976069-47F4-4AC0-ACE7-D212B6C48BF0}.Debug|Any CPU.ActiveCfg = Debug|Any CPU
		{AC976069-47F4-4AC0-ACE7-D212B6C48BF0}.Debug|Any CPU.Build.0 = Debug|Any CPU
		{AC976069-47F4-4AC0-ACE7-D212B6C48BF0}.Release|Any CPU.ActiveCfg = Release|Any CPU
		{AC976069-47F4-4AC0-ACE7-D212B6C48BF0}.Release|Any CPU.Build.0 = Release|Any CPU
		{91B1C481-EB2C-4DB6-8925-F33C6F0450E7}.Debug|Any CPU.ActiveCfg = Debug|Any CPU
		{91B1C481-EB2C-4DB6-8925-F33C6F0450E7}.Debug|Any CPU.Build.0 = Debug|Any CPU
		{91B1C481-EB2C-4DB6-8925-F33C6F0450E7}.Release|Any CPU.ActiveCfg = Release|Any CPU
		{91B1C481-EB2C-4DB6-8925-F33C6F0450E7}.Release|Any CPU.Build.0 = Release|Any CPU
		{49F40AC2-FB5C-4474-9B39-FAE0FE7A83F3}.Debug|Any CPU.ActiveCfg = Debug|Any CPU
		{49F40AC2-FB5C-4474-9B39-FAE0FE7A83F3}.Debug|Any CPU.Build.0 = Debug|Any CPU
		{49F40AC2-FB5C-4474-9B39-FAE0FE7A83F3}.Release|Any CPU.ActiveCfg = Release|Any CPU
		{49F40AC2-FB5C-4474-9B39-FAE0FE7A83F3}.Release|Any CPU.Build.0 = Release|Any CPU
		{83CEB032-3016-4755-A66C-EC0B695CB98E}.Debug|Any CPU.ActiveCfg = Debug|Any CPU
		{83CEB032-3016-4755-A66C-EC0B695CB98E}.Debug|Any CPU.Build.0 = Debug|Any CPU
		{83CEB032-3016-4755-A66C-EC0B695CB98E}.Release|Any CPU.ActiveCfg = Release|Any CPU
		{83CEB032-3016-4755-A66C-EC0B695CB98E}.Release|Any CPU.Build.0 = Release|Any CPU
		{ED221D99-4EBC-4F76-956D-287CB4AD03DB}.Debug|Any CPU.ActiveCfg = Debug|Any CPU
		{ED221D99-4EBC-4F76-956D-287CB4AD03DB}.Debug|Any CPU.Build.0 = Debug|Any CPU
		{ED221D99-4EBC-4F76-956D-287CB4AD03DB}.Release|Any CPU.ActiveCfg = Release|Any CPU
		{ED221D99-4EBC-4F76-956D-287CB4AD03DB}.Release|Any CPU.Build.0 = Release|Any CPU
		{114C21F6-CBD7-4E4E-A561-37B7F444F187}.Debug|Any CPU.ActiveCfg = Debug|Any CPU
		{114C21F6-CBD7-4E4E-A561-37B7F444F187}.Debug|Any CPU.Build.0 = Debug|Any CPU
		{114C21F6-CBD7-4E4E-A561-37B7F444F187}.Release|Any CPU.ActiveCfg = Release|Any CPU
		{114C21F6-CBD7-4E4E-A561-37B7F444F187}.Release|Any CPU.Build.0 = Release|Any CPU
		{5C32B9BE-CB4C-40E3-9CDF-AA074F0635F5}.Debug|Any CPU.ActiveCfg = Debug|Any CPU
		{5C32B9BE-CB4C-40E3-9CDF-AA074F0635F5}.Debug|Any CPU.Build.0 = Debug|Any CPU
		{5C32B9BE-CB4C-40E3-9CDF-AA074F0635F5}.Release|Any CPU.ActiveCfg = Release|Any CPU
		{5C32B9BE-CB4C-40E3-9CDF-AA074F0635F5}.Release|Any CPU.Build.0 = Release|Any CPU
		{9FC86CEA-8201-4556-82C1-C99A4B59DD13}.Debug|Any CPU.ActiveCfg = Debug|Any CPU
		{9FC86CEA-8201-4556-82C1-C99A4B59DD13}.Debug|Any CPU.Build.0 = Debug|Any CPU
		{9FC86CEA-8201-4556-82C1-C99A4B59DD13}.Release|Any CPU.ActiveCfg = Release|Any CPU
		{9FC86CEA-8201-4556-82C1-C99A4B59DD13}.Release|Any CPU.Build.0 = Release|Any CPU
		{2657E927-3DD7-45F7-A4F1-A489471440CE}.Debug|Any CPU.ActiveCfg = Debug|Any CPU
		{2657E927-3DD7-45F7-A4F1-A489471440CE}.Debug|Any CPU.Build.0 = Debug|Any CPU
		{2657E927-3DD7-45F7-A4F1-A489471440CE}.Release|Any CPU.ActiveCfg = Release|Any CPU
		{2657E927-3DD7-45F7-A4F1-A489471440CE}.Release|Any CPU.Build.0 = Release|Any CPU
		{04453708-9B16-40A5-A40D-8B21FC4245BE}.Debug|Any CPU.ActiveCfg = Debug|Any CPU
		{04453708-9B16-40A5-A40D-8B21FC4245BE}.Debug|Any CPU.Build.0 = Debug|Any CPU
		{04453708-9B16-40A5-A40D-8B21FC4245BE}.Release|Any CPU.ActiveCfg = Release|Any CPU
		{04453708-9B16-40A5-A40D-8B21FC4245BE}.Release|Any CPU.Build.0 = Release|Any CPU
		{D654375D-959A-4FD7-BC72-19A1EDA8EC59}.Debug|Any CPU.ActiveCfg = Debug|Any CPU
		{D654375D-959A-4FD7-BC72-19A1EDA8EC59}.Debug|Any CPU.Build.0 = Debug|Any CPU
		{D654375D-959A-4FD7-BC72-19A1EDA8EC59}.Release|Any CPU.ActiveCfg = Release|Any CPU
		{D654375D-959A-4FD7-BC72-19A1EDA8EC59}.Release|Any CPU.Build.0 = Release|Any CPU
		{6E0D2402-F9B2-4BBE-BFBF-9FC282963E5D}.Debug|Any CPU.ActiveCfg = Debug|Any CPU
		{6E0D2402-F9B2-4BBE-BFBF-9FC282963E5D}.Debug|Any CPU.Build.0 = Debug|Any CPU
		{6E0D2402-F9B2-4BBE-BFBF-9FC282963E5D}.Release|Any CPU.ActiveCfg = Release|Any CPU
		{6E0D2402-F9B2-4BBE-BFBF-9FC282963E5D}.Release|Any CPU.Build.0 = Release|Any CPU
		{8CD3DF73-8C66-4ACA-A371-21481CEC268B}.Debug|Any CPU.ActiveCfg = Debug|Any CPU
		{8CD3DF73-8C66-4ACA-A371-21481CEC268B}.Debug|Any CPU.Build.0 = Debug|Any CPU
		{8CD3DF73-8C66-4ACA-A371-21481CEC268B}.Release|Any CPU.ActiveCfg = Release|Any CPU
		{8CD3DF73-8C66-4ACA-A371-21481CEC268B}.Release|Any CPU.Build.0 = Release|Any CPU
		{8BCD5D90-AD0E-4F6C-B2D6-E45FCEE7CDC1}.Debug|Any CPU.ActiveCfg = Debug|Any CPU
		{8BCD5D90-AD0E-4F6C-B2D6-E45FCEE7CDC1}.Debug|Any CPU.Build.0 = Debug|Any CPU
		{8BCD5D90-AD0E-4F6C-B2D6-E45FCEE7CDC1}.Release|Any CPU.ActiveCfg = Release|Any CPU
		{8BCD5D90-AD0E-4F6C-B2D6-E45FCEE7CDC1}.Release|Any CPU.Build.0 = Release|Any CPU
		{393FB5CC-60E2-4903-8E3E-84AACB9F3A7C}.Debug|Any CPU.ActiveCfg = Debug|Any CPU
		{393FB5CC-60E2-4903-8E3E-84AACB9F3A7C}.Debug|Any CPU.Build.0 = Debug|Any CPU
		{393FB5CC-60E2-4903-8E3E-84AACB9F3A7C}.Release|Any CPU.ActiveCfg = Release|Any CPU
		{393FB5CC-60E2-4903-8E3E-84AACB9F3A7C}.Release|Any CPU.Build.0 = Release|Any CPU
		{B1E7601E-7C74-4D72-B8D0-3EEE2CC36995}.Debug|Any CPU.ActiveCfg = Debug|Any CPU
		{B1E7601E-7C74-4D72-B8D0-3EEE2CC36995}.Debug|Any CPU.Build.0 = Debug|Any CPU
		{B1E7601E-7C74-4D72-B8D0-3EEE2CC36995}.Release|Any CPU.ActiveCfg = Release|Any CPU
		{B1E7601E-7C74-4D72-B8D0-3EEE2CC36995}.Release|Any CPU.Build.0 = Release|Any CPU
		{334689AA-0B54-43D5-8152-EE6CD5C87E8F}.Debug|Any CPU.ActiveCfg = Debug|Any CPU
		{334689AA-0B54-43D5-8152-EE6CD5C87E8F}.Debug|Any CPU.Build.0 = Debug|Any CPU
		{334689AA-0B54-43D5-8152-EE6CD5C87E8F}.Release|Any CPU.ActiveCfg = Release|Any CPU
		{334689AA-0B54-43D5-8152-EE6CD5C87E8F}.Release|Any CPU.Build.0 = Release|Any CPU
		{7E8EDB5E-2B43-4A37-BDE6-E08204CA3C7C}.Debug|Any CPU.ActiveCfg = Debug|Any CPU
		{7E8EDB5E-2B43-4A37-BDE6-E08204CA3C7C}.Debug|Any CPU.Build.0 = Debug|Any CPU
		{7E8EDB5E-2B43-4A37-BDE6-E08204CA3C7C}.Release|Any CPU.ActiveCfg = Release|Any CPU
		{7E8EDB5E-2B43-4A37-BDE6-E08204CA3C7C}.Release|Any CPU.Build.0 = Release|Any CPU
		{BE764FB9-4FC3-4368-9E95-FDE392B1B456}.Debug|Any CPU.ActiveCfg = Debug|Any CPU
		{BE764FB9-4FC3-4368-9E95-FDE392B1B456}.Debug|Any CPU.Build.0 = Debug|Any CPU
		{BE764FB9-4FC3-4368-9E95-FDE392B1B456}.Release|Any CPU.ActiveCfg = Release|Any CPU
		{BE764FB9-4FC3-4368-9E95-FDE392B1B456}.Release|Any CPU.Build.0 = Release|Any CPU
		{2A99A1D8-AC53-491F-BFBA-ED743538821B}.Debug|Any CPU.ActiveCfg = Debug|Any CPU
		{2A99A1D8-AC53-491F-BFBA-ED743538821B}.Debug|Any CPU.Build.0 = Debug|Any CPU
		{2A99A1D8-AC53-491F-BFBA-ED743538821B}.Release|Any CPU.ActiveCfg = Release|Any CPU
		{2A99A1D8-AC53-491F-BFBA-ED743538821B}.Release|Any CPU.Build.0 = Release|Any CPU
		{759D82BC-EE6F-4F9D-9BF5-984C8EAEE5AD}.Debug|Any CPU.ActiveCfg = Debug|Any CPU
		{759D82BC-EE6F-4F9D-9BF5-984C8EAEE5AD}.Debug|Any CPU.Build.0 = Debug|Any CPU
		{759D82BC-EE6F-4F9D-9BF5-984C8EAEE5AD}.Release|Any CPU.ActiveCfg = Release|Any CPU
		{759D82BC-EE6F-4F9D-9BF5-984C8EAEE5AD}.Release|Any CPU.Build.0 = Release|Any CPU
		{A2DB0E0B-D54F-4BA6-81D3-75FEE3538843}.Debug|Any CPU.ActiveCfg = Debug|Any CPU
		{A2DB0E0B-D54F-4BA6-81D3-75FEE3538843}.Debug|Any CPU.Build.0 = Debug|Any CPU
		{A2DB0E0B-D54F-4BA6-81D3-75FEE3538843}.Release|Any CPU.ActiveCfg = Release|Any CPU
		{A2DB0E0B-D54F-4BA6-81D3-75FEE3538843}.Release|Any CPU.Build.0 = Release|Any CPU
		{1473CD1A-C81B-4C1A-B28D-FD44FB352A5E}.Debug|Any CPU.ActiveCfg = Debug|Any CPU
		{1473CD1A-C81B-4C1A-B28D-FD44FB352A5E}.Debug|Any CPU.Build.0 = Debug|Any CPU
		{1473CD1A-C81B-4C1A-B28D-FD44FB352A5E}.Release|Any CPU.ActiveCfg = Release|Any CPU
		{1473CD1A-C81B-4C1A-B28D-FD44FB352A5E}.Release|Any CPU.Build.0 = Release|Any CPU
		{F733B387-E0E7-4CDE-AD2F-BEBC67FD5363}.Debug|Any CPU.ActiveCfg = Debug|Any CPU
		{F733B387-E0E7-4CDE-AD2F-BEBC67FD5363}.Debug|Any CPU.Build.0 = Debug|Any CPU
		{F733B387-E0E7-4CDE-AD2F-BEBC67FD5363}.Release|Any CPU.ActiveCfg = Release|Any CPU
		{F733B387-E0E7-4CDE-AD2F-BEBC67FD5363}.Release|Any CPU.Build.0 = Release|Any CPU
		{78DBD7E3-47E4-426C-B998-8A1133C5A442}.Debug|Any CPU.ActiveCfg = Debug|Any CPU
		{78DBD7E3-47E4-426C-B998-8A1133C5A442}.Debug|Any CPU.Build.0 = Debug|Any CPU
		{78DBD7E3-47E4-426C-B998-8A1133C5A442}.Release|Any CPU.ActiveCfg = Release|Any CPU
		{78DBD7E3-47E4-426C-B998-8A1133C5A442}.Release|Any CPU.Build.0 = Release|Any CPU
		{9AC1AF01-93B2-4EAA-A3FB-1935A4B10128}.Debug|Any CPU.ActiveCfg = Debug|Any CPU
		{9AC1AF01-93B2-4EAA-A3FB-1935A4B10128}.Debug|Any CPU.Build.0 = Debug|Any CPU
		{9AC1AF01-93B2-4EAA-A3FB-1935A4B10128}.Release|Any CPU.ActiveCfg = Release|Any CPU
		{9AC1AF01-93B2-4EAA-A3FB-1935A4B10128}.Release|Any CPU.Build.0 = Release|Any CPU
		{A334D064-8B19-4041-9227-1F0ED082F809}.Debug|Any CPU.ActiveCfg = Debug|Any CPU
		{A334D064-8B19-4041-9227-1F0ED082F809}.Debug|Any CPU.Build.0 = Debug|Any CPU
		{A334D064-8B19-4041-9227-1F0ED082F809}.Release|Any CPU.ActiveCfg = Release|Any CPU
		{A334D064-8B19-4041-9227-1F0ED082F809}.Release|Any CPU.Build.0 = Release|Any CPU
		{0E9CDDB9-7176-4CC1-94A3-7C6E8BD8CC51}.Debug|Any CPU.ActiveCfg = Debug|Any CPU
		{0E9CDDB9-7176-4CC1-94A3-7C6E8BD8CC51}.Debug|Any CPU.Build.0 = Debug|Any CPU
		{0E9CDDB9-7176-4CC1-94A3-7C6E8BD8CC51}.Release|Any CPU.ActiveCfg = Release|Any CPU
		{0E9CDDB9-7176-4CC1-94A3-7C6E8BD8CC51}.Release|Any CPU.Build.0 = Release|Any CPU
		{59AAB396-A07B-43B0-9AFB-E4B7F70A6019}.Debug|Any CPU.ActiveCfg = Debug|Any CPU
		{59AAB396-A07B-43B0-9AFB-E4B7F70A6019}.Debug|Any CPU.Build.0 = Debug|Any CPU
		{59AAB396-A07B-43B0-9AFB-E4B7F70A6019}.Release|Any CPU.ActiveCfg = Release|Any CPU
		{59AAB396-A07B-43B0-9AFB-E4B7F70A6019}.Release|Any CPU.Build.0 = Release|Any CPU
		{5480AD8B-DD0C-451B-A793-891CBF5F9609}.Debug|Any CPU.ActiveCfg = Debug|Any CPU
		{5480AD8B-DD0C-451B-A793-891CBF5F9609}.Debug|Any CPU.Build.0 = Debug|Any CPU
		{5480AD8B-DD0C-451B-A793-891CBF5F9609}.Release|Any CPU.ActiveCfg = Release|Any CPU
		{5480AD8B-DD0C-451B-A793-891CBF5F9609}.Release|Any CPU.Build.0 = Release|Any CPU
		{5F23319C-D19F-4B2D-8178-B9A245142934}.Debug|Any CPU.ActiveCfg = Debug|Any CPU
		{5F23319C-D19F-4B2D-8178-B9A245142934}.Debug|Any CPU.Build.0 = Debug|Any CPU
		{5F23319C-D19F-4B2D-8178-B9A245142934}.Release|Any CPU.ActiveCfg = Release|Any CPU
		{5F23319C-D19F-4B2D-8178-B9A245142934}.Release|Any CPU.Build.0 = Release|Any CPU
		{1951A7CA-76A9-47F2-B72E-04B267CBCD2A}.Debug|Any CPU.ActiveCfg = Debug|Any CPU
		{1951A7CA-76A9-47F2-B72E-04B267CBCD2A}.Debug|Any CPU.Build.0 = Debug|Any CPU
		{1951A7CA-76A9-47F2-B72E-04B267CBCD2A}.Release|Any CPU.ActiveCfg = Release|Any CPU
		{1951A7CA-76A9-47F2-B72E-04B267CBCD2A}.Release|Any CPU.Build.0 = Release|Any CPU
		{86129A83-DB26-45B9-9843-AA1FED710E00}.Debug|Any CPU.ActiveCfg = Debug|Any CPU
		{86129A83-DB26-45B9-9843-AA1FED710E00}.Debug|Any CPU.Build.0 = Debug|Any CPU
		{86129A83-DB26-45B9-9843-AA1FED710E00}.Release|Any CPU.ActiveCfg = Release|Any CPU
		{86129A83-DB26-45B9-9843-AA1FED710E00}.Release|Any CPU.Build.0 = Release|Any CPU
		{09A2CB28-795D-4F1F-9E0F-58935B3B976A}.Debug|Any CPU.ActiveCfg = Debug|Any CPU
		{09A2CB28-795D-4F1F-9E0F-58935B3B976A}.Debug|Any CPU.Build.0 = Debug|Any CPU
		{09A2CB28-795D-4F1F-9E0F-58935B3B976A}.Release|Any CPU.ActiveCfg = Release|Any CPU
		{09A2CB28-795D-4F1F-9E0F-58935B3B976A}.Release|Any CPU.Build.0 = Release|Any CPU
		{8E3FD753-3435-45CC-A6E4-B2C481925E73}.Debug|Any CPU.ActiveCfg = Debug|Any CPU
		{8E3FD753-3435-45CC-A6E4-B2C481925E73}.Debug|Any CPU.Build.0 = Debug|Any CPU
		{8E3FD753-3435-45CC-A6E4-B2C481925E73}.Release|Any CPU.ActiveCfg = Release|Any CPU
		{8E3FD753-3435-45CC-A6E4-B2C481925E73}.Release|Any CPU.Build.0 = Release|Any CPU
		{FE4B0D44-8C1E-4B6B-9960-1EEE5F7EE871}.Debug|Any CPU.ActiveCfg = Debug|Any CPU
		{FE4B0D44-8C1E-4B6B-9960-1EEE5F7EE871}.Debug|Any CPU.Build.0 = Debug|Any CPU
		{FE4B0D44-8C1E-4B6B-9960-1EEE5F7EE871}.Release|Any CPU.ActiveCfg = Release|Any CPU
		{FE4B0D44-8C1E-4B6B-9960-1EEE5F7EE871}.Release|Any CPU.Build.0 = Release|Any CPU
		{94565E7F-DD44-4F6E-830A-C91A9D815530}.Debug|Any CPU.ActiveCfg = Debug|Any CPU
		{94565E7F-DD44-4F6E-830A-C91A9D815530}.Debug|Any CPU.Build.0 = Debug|Any CPU
		{94565E7F-DD44-4F6E-830A-C91A9D815530}.Release|Any CPU.ActiveCfg = Release|Any CPU
		{94565E7F-DD44-4F6E-830A-C91A9D815530}.Release|Any CPU.Build.0 = Release|Any CPU
		{6729F4A9-54F4-4693-95FD-3E494E7C94CB}.Debug|Any CPU.ActiveCfg = Debug|Any CPU
		{6729F4A9-54F4-4693-95FD-3E494E7C94CB}.Debug|Any CPU.Build.0 = Debug|Any CPU
		{6729F4A9-54F4-4693-95FD-3E494E7C94CB}.Release|Any CPU.ActiveCfg = Release|Any CPU
		{6729F4A9-54F4-4693-95FD-3E494E7C94CB}.Release|Any CPU.Build.0 = Release|Any CPU
		{12480F18-E062-4BFF-B916-77D46C4C4F74}.Debug|Any CPU.ActiveCfg = Debug|Any CPU
		{12480F18-E062-4BFF-B916-77D46C4C4F74}.Debug|Any CPU.Build.0 = Debug|Any CPU
		{12480F18-E062-4BFF-B916-77D46C4C4F74}.Release|Any CPU.ActiveCfg = Release|Any CPU
		{12480F18-E062-4BFF-B916-77D46C4C4F74}.Release|Any CPU.Build.0 = Release|Any CPU
		{F584D6A1-8F3C-41C1-8A3F-967BC78D8748}.Debug|Any CPU.ActiveCfg = Debug|Any CPU
		{F584D6A1-8F3C-41C1-8A3F-967BC78D8748}.Debug|Any CPU.Build.0 = Debug|Any CPU
		{F584D6A1-8F3C-41C1-8A3F-967BC78D8748}.Release|Any CPU.ActiveCfg = Release|Any CPU
		{F584D6A1-8F3C-41C1-8A3F-967BC78D8748}.Release|Any CPU.Build.0 = Release|Any CPU
		{6CE85D4A-60DE-4FF3-9DC7-562DEDAE0398}.Debug|Any CPU.ActiveCfg = Debug|Any CPU
		{6CE85D4A-60DE-4FF3-9DC7-562DEDAE0398}.Debug|Any CPU.Build.0 = Debug|Any CPU
		{6CE85D4A-60DE-4FF3-9DC7-562DEDAE0398}.Release|Any CPU.ActiveCfg = Release|Any CPU
		{6CE85D4A-60DE-4FF3-9DC7-562DEDAE0398}.Release|Any CPU.Build.0 = Release|Any CPU
		{AAA64217-1BF6-4C19-898F-5A3C6CC042FD}.Debug|Any CPU.ActiveCfg = Debug|Any CPU
		{AAA64217-1BF6-4C19-898F-5A3C6CC042FD}.Debug|Any CPU.Build.0 = Debug|Any CPU
		{AAA64217-1BF6-4C19-898F-5A3C6CC042FD}.Release|Any CPU.ActiveCfg = Release|Any CPU
		{AAA64217-1BF6-4C19-898F-5A3C6CC042FD}.Release|Any CPU.Build.0 = Release|Any CPU
		{22938861-9D26-4D84-9F7C-BC26D84D9966}.Debug|Any CPU.ActiveCfg = Debug|Any CPU
		{22938861-9D26-4D84-9F7C-BC26D84D9966}.Debug|Any CPU.Build.0 = Debug|Any CPU
		{22938861-9D26-4D84-9F7C-BC26D84D9966}.Release|Any CPU.ActiveCfg = Release|Any CPU
		{22938861-9D26-4D84-9F7C-BC26D84D9966}.Release|Any CPU.Build.0 = Release|Any CPU
		{3F35CF65-AC19-43C4-A1C1-5B81E9EF8DC0}.Debug|Any CPU.ActiveCfg = Debug|Any CPU
		{3F35CF65-AC19-43C4-A1C1-5B81E9EF8DC0}.Debug|Any CPU.Build.0 = Debug|Any CPU
		{3F35CF65-AC19-43C4-A1C1-5B81E9EF8DC0}.Release|Any CPU.ActiveCfg = Release|Any CPU
		{3F35CF65-AC19-43C4-A1C1-5B81E9EF8DC0}.Release|Any CPU.Build.0 = Release|Any CPU
		{930C0ACA-EB8A-4807-955B-761994174357}.Debug|Any CPU.ActiveCfg = Debug|Any CPU
		{930C0ACA-EB8A-4807-955B-761994174357}.Debug|Any CPU.Build.0 = Debug|Any CPU
		{930C0ACA-EB8A-4807-955B-761994174357}.Release|Any CPU.ActiveCfg = Release|Any CPU
		{930C0ACA-EB8A-4807-955B-761994174357}.Release|Any CPU.Build.0 = Release|Any CPU
		{85CFE19F-54BA-4646-B7B8-F6B9E90F5013}.Debug|Any CPU.ActiveCfg = Debug|Any CPU
		{85CFE19F-54BA-4646-B7B8-F6B9E90F5013}.Debug|Any CPU.Build.0 = Debug|Any CPU
		{85CFE19F-54BA-4646-B7B8-F6B9E90F5013}.Release|Any CPU.ActiveCfg = Release|Any CPU
		{85CFE19F-54BA-4646-B7B8-F6B9E90F5013}.Release|Any CPU.Build.0 = Release|Any CPU
		{A3F55096-7128-4F8A-8A69-AFF901A93D1B}.Debug|Any CPU.ActiveCfg = Debug|Any CPU
		{A3F55096-7128-4F8A-8A69-AFF901A93D1B}.Debug|Any CPU.Build.0 = Debug|Any CPU
		{A3F55096-7128-4F8A-8A69-AFF901A93D1B}.Release|Any CPU.ActiveCfg = Release|Any CPU
		{A3F55096-7128-4F8A-8A69-AFF901A93D1B}.Release|Any CPU.Build.0 = Release|Any CPU
		{37F7B474-C2B3-4FDB-991F-C272087ACEAD}.Debug|Any CPU.ActiveCfg = Debug|Any CPU
		{37F7B474-C2B3-4FDB-991F-C272087ACEAD}.Debug|Any CPU.Build.0 = Debug|Any CPU
		{37F7B474-C2B3-4FDB-991F-C272087ACEAD}.Release|Any CPU.ActiveCfg = Release|Any CPU
		{37F7B474-C2B3-4FDB-991F-C272087ACEAD}.Release|Any CPU.Build.0 = Release|Any CPU
		{8C95F29B-5B71-4376-8D82-28200CFD27AA}.Debug|Any CPU.ActiveCfg = Debug|Any CPU
		{8C95F29B-5B71-4376-8D82-28200CFD27AA}.Debug|Any CPU.Build.0 = Debug|Any CPU
		{8C95F29B-5B71-4376-8D82-28200CFD27AA}.Release|Any CPU.ActiveCfg = Release|Any CPU
		{8C95F29B-5B71-4376-8D82-28200CFD27AA}.Release|Any CPU.Build.0 = Release|Any CPU
		{34F82C8E-B479-4780-A1ED-6538099CCDBC}.Debug|Any CPU.ActiveCfg = Debug|Any CPU
		{34F82C8E-B479-4780-A1ED-6538099CCDBC}.Debug|Any CPU.Build.0 = Debug|Any CPU
		{34F82C8E-B479-4780-A1ED-6538099CCDBC}.Release|Any CPU.ActiveCfg = Release|Any CPU
		{34F82C8E-B479-4780-A1ED-6538099CCDBC}.Release|Any CPU.Build.0 = Release|Any CPU
		{533E9937-2E12-425A-A621-1A6A426440F1}.Debug|Any CPU.ActiveCfg = Debug|Any CPU
		{533E9937-2E12-425A-A621-1A6A426440F1}.Debug|Any CPU.Build.0 = Debug|Any CPU
		{533E9937-2E12-425A-A621-1A6A426440F1}.Release|Any CPU.ActiveCfg = Release|Any CPU
		{533E9937-2E12-425A-A621-1A6A426440F1}.Release|Any CPU.Build.0 = Release|Any CPU
		{61FE2878-FB8A-463E-AAA3-821C2CA29C4D}.Debug|Any CPU.ActiveCfg = Debug|Any CPU
		{61FE2878-FB8A-463E-AAA3-821C2CA29C4D}.Debug|Any CPU.Build.0 = Debug|Any CPU
		{61FE2878-FB8A-463E-AAA3-821C2CA29C4D}.Release|Any CPU.ActiveCfg = Release|Any CPU
		{61FE2878-FB8A-463E-AAA3-821C2CA29C4D}.Release|Any CPU.Build.0 = Release|Any CPU
		{E65D3F2C-291D-4E77-BD88-4A3401249C2B}.Debug|Any CPU.ActiveCfg = Debug|Any CPU
		{E65D3F2C-291D-4E77-BD88-4A3401249C2B}.Debug|Any CPU.Build.0 = Debug|Any CPU
		{E65D3F2C-291D-4E77-BD88-4A3401249C2B}.Release|Any CPU.ActiveCfg = Release|Any CPU
		{E65D3F2C-291D-4E77-BD88-4A3401249C2B}.Release|Any CPU.Build.0 = Release|Any CPU
		{29F0DD54-D204-4276-A9D6-75C2493728D2}.Debug|Any CPU.ActiveCfg = Debug|Any CPU
		{29F0DD54-D204-4276-A9D6-75C2493728D2}.Debug|Any CPU.Build.0 = Debug|Any CPU
		{29F0DD54-D204-4276-A9D6-75C2493728D2}.Release|Any CPU.ActiveCfg = Release|Any CPU
		{29F0DD54-D204-4276-A9D6-75C2493728D2}.Release|Any CPU.Build.0 = Release|Any CPU
		{1191555C-847E-414D-B881-A23CAEA456D3}.Debug|Any CPU.ActiveCfg = Debug|Any CPU
		{1191555C-847E-414D-B881-A23CAEA456D3}.Debug|Any CPU.Build.0 = Debug|Any CPU
		{1191555C-847E-414D-B881-A23CAEA456D3}.Release|Any CPU.ActiveCfg = Release|Any CPU
		{1191555C-847E-414D-B881-A23CAEA456D3}.Release|Any CPU.Build.0 = Release|Any CPU
		{26A95CC7-211D-4915-92EA-93F19888751A}.Debug|Any CPU.ActiveCfg = Debug|Any CPU
		{26A95CC7-211D-4915-92EA-93F19888751A}.Debug|Any CPU.Build.0 = Debug|Any CPU
		{26A95CC7-211D-4915-92EA-93F19888751A}.Release|Any CPU.ActiveCfg = Release|Any CPU
		{26A95CC7-211D-4915-92EA-93F19888751A}.Release|Any CPU.Build.0 = Release|Any CPU
		{B658BDE0-AEAD-4EE7-9727-7A869FDFE031}.Debug|Any CPU.ActiveCfg = Debug|Any CPU
		{B658BDE0-AEAD-4EE7-9727-7A869FDFE031}.Debug|Any CPU.Build.0 = Debug|Any CPU
		{B658BDE0-AEAD-4EE7-9727-7A869FDFE031}.Release|Any CPU.ActiveCfg = Release|Any CPU
		{B658BDE0-AEAD-4EE7-9727-7A869FDFE031}.Release|Any CPU.Build.0 = Release|Any CPU
		{BCD5AC9D-45A5-4FD5-AEFE-333E1550D852}.Debug|Any CPU.ActiveCfg = Debug|Any CPU
		{BCD5AC9D-45A5-4FD5-AEFE-333E1550D852}.Debug|Any CPU.Build.0 = Debug|Any CPU
		{BCD5AC9D-45A5-4FD5-AEFE-333E1550D852}.Release|Any CPU.ActiveCfg = Release|Any CPU
		{BCD5AC9D-45A5-4FD5-AEFE-333E1550D852}.Release|Any CPU.Build.0 = Release|Any CPU
		{77B1CD61-F3C7-4BAD-81A6-3DA41D8DB793}.Debug|Any CPU.ActiveCfg = Debug|Any CPU
		{77B1CD61-F3C7-4BAD-81A6-3DA41D8DB793}.Debug|Any CPU.Build.0 = Debug|Any CPU
		{77B1CD61-F3C7-4BAD-81A6-3DA41D8DB793}.Release|Any CPU.ActiveCfg = Release|Any CPU
		{77B1CD61-F3C7-4BAD-81A6-3DA41D8DB793}.Release|Any CPU.Build.0 = Release|Any CPU
		{EF67FE09-D8C5-4F1E-ABE3-33DC6F11FEB2}.Debug|Any CPU.ActiveCfg = Debug|Any CPU
		{EF67FE09-D8C5-4F1E-ABE3-33DC6F11FEB2}.Debug|Any CPU.Build.0 = Debug|Any CPU
		{EF67FE09-D8C5-4F1E-ABE3-33DC6F11FEB2}.Release|Any CPU.ActiveCfg = Release|Any CPU
		{EF67FE09-D8C5-4F1E-ABE3-33DC6F11FEB2}.Release|Any CPU.Build.0 = Release|Any CPU
		{32DEF56B-B14F-48AC-B4AA-CDA7888A9679}.Debug|Any CPU.ActiveCfg = Debug|Any CPU
		{32DEF56B-B14F-48AC-B4AA-CDA7888A9679}.Debug|Any CPU.Build.0 = Debug|Any CPU
		{32DEF56B-B14F-48AC-B4AA-CDA7888A9679}.Release|Any CPU.ActiveCfg = Release|Any CPU
		{32DEF56B-B14F-48AC-B4AA-CDA7888A9679}.Release|Any CPU.Build.0 = Release|Any CPU
		{9D1BA859-B7B6-42F4-8718-914034513F45}.Debug|Any CPU.ActiveCfg = Debug|Any CPU
		{9D1BA859-B7B6-42F4-8718-914034513F45}.Debug|Any CPU.Build.0 = Debug|Any CPU
		{9D1BA859-B7B6-42F4-8718-914034513F45}.Release|Any CPU.ActiveCfg = Release|Any CPU
		{9D1BA859-B7B6-42F4-8718-914034513F45}.Release|Any CPU.Build.0 = Release|Any CPU
		{D28F9C33-4CF2-4C33-80B0-8A9FB3301A29}.Debug|Any CPU.ActiveCfg = Debug|Any CPU
		{D28F9C33-4CF2-4C33-80B0-8A9FB3301A29}.Debug|Any CPU.Build.0 = Debug|Any CPU
		{D28F9C33-4CF2-4C33-80B0-8A9FB3301A29}.Release|Any CPU.ActiveCfg = Release|Any CPU
		{D28F9C33-4CF2-4C33-80B0-8A9FB3301A29}.Release|Any CPU.Build.0 = Release|Any CPU
		{8D612DB2-FB12-407F-9DFE-F3D5324746D6}.Debug|Any CPU.ActiveCfg = Debug|Any CPU
		{8D612DB2-FB12-407F-9DFE-F3D5324746D6}.Debug|Any CPU.Build.0 = Debug|Any CPU
		{8D612DB2-FB12-407F-9DFE-F3D5324746D6}.Release|Any CPU.ActiveCfg = Release|Any CPU
		{8D612DB2-FB12-407F-9DFE-F3D5324746D6}.Release|Any CPU.Build.0 = Release|Any CPU
		{4FFC3947-F205-474F-AFFE-F9FE1307E8E1}.Debug|Any CPU.ActiveCfg = Debug|Any CPU
		{4FFC3947-F205-474F-AFFE-F9FE1307E8E1}.Debug|Any CPU.Build.0 = Debug|Any CPU
		{4FFC3947-F205-474F-AFFE-F9FE1307E8E1}.Release|Any CPU.ActiveCfg = Release|Any CPU
		{4FFC3947-F205-474F-AFFE-F9FE1307E8E1}.Release|Any CPU.Build.0 = Release|Any CPU
		{8748608F-A75A-49FD-AA86-46AB5C07BA47}.Debug|Any CPU.ActiveCfg = Debug|Any CPU
		{8748608F-A75A-49FD-AA86-46AB5C07BA47}.Debug|Any CPU.Build.0 = Debug|Any CPU
		{8748608F-A75A-49FD-AA86-46AB5C07BA47}.Release|Any CPU.ActiveCfg = Release|Any CPU
		{8748608F-A75A-49FD-AA86-46AB5C07BA47}.Release|Any CPU.Build.0 = Release|Any CPU
		{252FD8D3-F344-469B-8BAA-4BC932C31C76}.Debug|Any CPU.ActiveCfg = Debug|Any CPU
		{252FD8D3-F344-469B-8BAA-4BC932C31C76}.Debug|Any CPU.Build.0 = Debug|Any CPU
		{252FD8D3-F344-469B-8BAA-4BC932C31C76}.Release|Any CPU.ActiveCfg = Release|Any CPU
		{252FD8D3-F344-469B-8BAA-4BC932C31C76}.Release|Any CPU.Build.0 = Release|Any CPU
		{9F520383-D48C-40E1-9D90-178A1F6C56D2}.Debug|Any CPU.ActiveCfg = Debug|Any CPU
		{9F520383-D48C-40E1-9D90-178A1F6C56D2}.Debug|Any CPU.Build.0 = Debug|Any CPU
		{9F520383-D48C-40E1-9D90-178A1F6C56D2}.Release|Any CPU.ActiveCfg = Release|Any CPU
		{9F520383-D48C-40E1-9D90-178A1F6C56D2}.Release|Any CPU.Build.0 = Release|Any CPU
		{D5F8A9C3-8023-4073-B251-5A460A5D4D47}.Debug|Any CPU.ActiveCfg = Debug|Any CPU
		{D5F8A9C3-8023-4073-B251-5A460A5D4D47}.Debug|Any CPU.Build.0 = Debug|Any CPU
		{D5F8A9C3-8023-4073-B251-5A460A5D4D47}.Release|Any CPU.ActiveCfg = Release|Any CPU
		{D5F8A9C3-8023-4073-B251-5A460A5D4D47}.Release|Any CPU.Build.0 = Release|Any CPU
		{63ED836C-4511-48F4-90FE-F5AA0417A4E0}.Debug|Any CPU.ActiveCfg = Debug|Any CPU
		{63ED836C-4511-48F4-90FE-F5AA0417A4E0}.Debug|Any CPU.Build.0 = Debug|Any CPU
		{63ED836C-4511-48F4-90FE-F5AA0417A4E0}.Release|Any CPU.ActiveCfg = Release|Any CPU
		{63ED836C-4511-48F4-90FE-F5AA0417A4E0}.Release|Any CPU.Build.0 = Release|Any CPU
		{5DF8598D-368B-48C0-9430-F68F04D2E79A}.Debug|Any CPU.ActiveCfg = Debug|Any CPU
		{5DF8598D-368B-48C0-9430-F68F04D2E79A}.Debug|Any CPU.Build.0 = Debug|Any CPU
		{5DF8598D-368B-48C0-9430-F68F04D2E79A}.Release|Any CPU.ActiveCfg = Release|Any CPU
		{5DF8598D-368B-48C0-9430-F68F04D2E79A}.Release|Any CPU.Build.0 = Release|Any CPU
		{4AB6DA9A-6642-46FD-8320-51057CAC8A35}.Debug|Any CPU.ActiveCfg = Debug|Any CPU
		{4AB6DA9A-6642-46FD-8320-51057CAC8A35}.Debug|Any CPU.Build.0 = Debug|Any CPU
		{4AB6DA9A-6642-46FD-8320-51057CAC8A35}.Release|Any CPU.ActiveCfg = Release|Any CPU
		{4AB6DA9A-6642-46FD-8320-51057CAC8A35}.Release|Any CPU.Build.0 = Release|Any CPU
		{693C51CA-FA61-4FC6-992D-9F62F4BE99C8}.Debug|Any CPU.ActiveCfg = Debug|Any CPU
		{693C51CA-FA61-4FC6-992D-9F62F4BE99C8}.Debug|Any CPU.Build.0 = Debug|Any CPU
		{693C51CA-FA61-4FC6-992D-9F62F4BE99C8}.Release|Any CPU.ActiveCfg = Release|Any CPU
		{693C51CA-FA61-4FC6-992D-9F62F4BE99C8}.Release|Any CPU.Build.0 = Release|Any CPU
		{6EE89C1F-79B4-4012-80AC-6BD50F582B62}.Debug|Any CPU.ActiveCfg = Debug|Any CPU
		{6EE89C1F-79B4-4012-80AC-6BD50F582B62}.Debug|Any CPU.Build.0 = Debug|Any CPU
		{6EE89C1F-79B4-4012-80AC-6BD50F582B62}.Release|Any CPU.ActiveCfg = Release|Any CPU
		{6EE89C1F-79B4-4012-80AC-6BD50F582B62}.Release|Any CPU.Build.0 = Release|Any CPU
		{E427B36E-9090-40C6-92CD-3BF57AAF113D}.Debug|Any CPU.ActiveCfg = Debug|Any CPU
		{E427B36E-9090-40C6-92CD-3BF57AAF113D}.Debug|Any CPU.Build.0 = Debug|Any CPU
		{E427B36E-9090-40C6-92CD-3BF57AAF113D}.Release|Any CPU.ActiveCfg = Release|Any CPU
		{E427B36E-9090-40C6-92CD-3BF57AAF113D}.Release|Any CPU.Build.0 = Release|Any CPU
		{F20F61FF-D9CE-4A7E-B147-78E14F2C075A}.Debug|Any CPU.ActiveCfg = Debug|Any CPU
		{F20F61FF-D9CE-4A7E-B147-78E14F2C075A}.Debug|Any CPU.Build.0 = Debug|Any CPU
		{F20F61FF-D9CE-4A7E-B147-78E14F2C075A}.Release|Any CPU.ActiveCfg = Release|Any CPU
		{F20F61FF-D9CE-4A7E-B147-78E14F2C075A}.Release|Any CPU.Build.0 = Release|Any CPU
		{065839A9-917E-4167-AA5B-D9C42A7F8B60}.Debug|Any CPU.ActiveCfg = Debug|Any CPU
		{065839A9-917E-4167-AA5B-D9C42A7F8B60}.Debug|Any CPU.Build.0 = Debug|Any CPU
		{065839A9-917E-4167-AA5B-D9C42A7F8B60}.Release|Any CPU.ActiveCfg = Release|Any CPU
		{065839A9-917E-4167-AA5B-D9C42A7F8B60}.Release|Any CPU.Build.0 = Release|Any CPU
		{0A353EE1-48A0-4A9B-9D5F-5D178DE9FBC8}.Debug|Any CPU.ActiveCfg = Debug|Any CPU
		{0A353EE1-48A0-4A9B-9D5F-5D178DE9FBC8}.Debug|Any CPU.Build.0 = Debug|Any CPU
		{0A353EE1-48A0-4A9B-9D5F-5D178DE9FBC8}.Release|Any CPU.ActiveCfg = Release|Any CPU
		{0A353EE1-48A0-4A9B-9D5F-5D178DE9FBC8}.Release|Any CPU.Build.0 = Release|Any CPU
		{383C6778-A467-4A51-9F47-B19EF000A9E5}.Debug|Any CPU.ActiveCfg = Debug|Any CPU
		{383C6778-A467-4A51-9F47-B19EF000A9E5}.Debug|Any CPU.Build.0 = Debug|Any CPU
		{383C6778-A467-4A51-9F47-B19EF000A9E5}.Release|Any CPU.ActiveCfg = Release|Any CPU
		{383C6778-A467-4A51-9F47-B19EF000A9E5}.Release|Any CPU.Build.0 = Release|Any CPU
		{EC108A07-C223-4FD2-AA8B-AD7CBF2BA0D5}.Debug|Any CPU.ActiveCfg = Debug|Any CPU
		{EC108A07-C223-4FD2-AA8B-AD7CBF2BA0D5}.Debug|Any CPU.Build.0 = Debug|Any CPU
		{EC108A07-C223-4FD2-AA8B-AD7CBF2BA0D5}.Release|Any CPU.ActiveCfg = Release|Any CPU
		{EC108A07-C223-4FD2-AA8B-AD7CBF2BA0D5}.Release|Any CPU.Build.0 = Release|Any CPU
		{48C9544D-5491-482E-8BDF-5172B7FD343A}.Debug|Any CPU.ActiveCfg = Debug|Any CPU
		{48C9544D-5491-482E-8BDF-5172B7FD343A}.Debug|Any CPU.Build.0 = Debug|Any CPU
		{48C9544D-5491-482E-8BDF-5172B7FD343A}.Release|Any CPU.ActiveCfg = Release|Any CPU
		{48C9544D-5491-482E-8BDF-5172B7FD343A}.Release|Any CPU.Build.0 = Release|Any CPU
		{19F0ED39-95E0-465F-A71C-3098F8A5337E}.Debug|Any CPU.ActiveCfg = Debug|Any CPU
		{19F0ED39-95E0-465F-A71C-3098F8A5337E}.Debug|Any CPU.Build.0 = Debug|Any CPU
		{19F0ED39-95E0-465F-A71C-3098F8A5337E}.Release|Any CPU.ActiveCfg = Release|Any CPU
		{19F0ED39-95E0-465F-A71C-3098F8A5337E}.Release|Any CPU.Build.0 = Release|Any CPU
		{200DDD9C-3A37-41D0-8AF1-299517CD992A}.Debug|Any CPU.ActiveCfg = Debug|Any CPU
		{200DDD9C-3A37-41D0-8AF1-299517CD992A}.Debug|Any CPU.Build.0 = Debug|Any CPU
		{200DDD9C-3A37-41D0-8AF1-299517CD992A}.Release|Any CPU.ActiveCfg = Release|Any CPU
		{200DDD9C-3A37-41D0-8AF1-299517CD992A}.Release|Any CPU.Build.0 = Release|Any CPU
	EndGlobalSection
	GlobalSection(SolutionProperties) = preSolution
		HideSolutionNode = FALSE
	EndGlobalSection
	GlobalSection(ExtensibilityGlobals) = postSolution
		SolutionGuid = {D08D03AD-81AC-4207-AA62-3892CD0B696F}
	EndGlobalSection
EndGlobal
